// !$*UTF8*$!
{
	archiveVersion = 1;
	classes = {
	};
	objectVersion = 46;
	objects = {

/* Begin PBXBuildFile section */
		7F44C98F13D1371100EF8E4C /* UIKit.framework in Frameworks */ = {isa = PBXBuildFile; fileRef = 7F44C98E13D1371100EF8E4C /* UIKit.framework */; };
		7F44C99113D1371100EF8E4C /* Foundation.framework in Frameworks */ = {isa = PBXBuildFile; fileRef = 7F44C99013D1371100EF8E4C /* Foundation.framework */; };
		7F44C99313D1371100EF8E4C /* CoreGraphics.framework in Frameworks */ = {isa = PBXBuildFile; fileRef = 7F44C99213D1371100EF8E4C /* CoreGraphics.framework */; };
		7F44C99913D1371100EF8E4C /* InfoPlist.strings in Resources */ = {isa = PBXBuildFile; fileRef = 7F44C99713D1371100EF8E4C /* InfoPlist.strings */; };
		7F44C99C13D1371100EF8E4C /* main.m in Sources */ = {isa = PBXBuildFile; fileRef = 7F44C99B13D1371100EF8E4C /* main.m */; };
		7F44C99F13D1371100EF8E4C /* mobxAppDelegate.m in Sources */ = {isa = PBXBuildFile; fileRef = 7F44C99E13D1371100EF8E4C /* mobxAppDelegate.m */; };
		7F44C9A213D1371100EF8E4C /* MainWindow.xib in Resources */ = {isa = PBXBuildFile; fileRef = 7F44C9A013D1371100EF8E4C /* MainWindow.xib */; };
		7F44C9A513D1371100EF8E4C /* FirstViewController.m in Sources */ = {isa = PBXBuildFile; fileRef = 7F44C9A413D1371100EF8E4C /* FirstViewController.m */; };
		7F44C9A813D1371100EF8E4C /* SecondViewController.m in Sources */ = {isa = PBXBuildFile; fileRef = 7F44C9A713D1371100EF8E4C /* SecondViewController.m */; };
		7F44C9AB13D1371100EF8E4C /* FirstView.xib in Resources */ = {isa = PBXBuildFile; fileRef = 7F44C9A913D1371100EF8E4C /* FirstView.xib */; };
		7F44C9AE13D1371100EF8E4C /* SecondView.xib in Resources */ = {isa = PBXBuildFile; fileRef = 7F44C9AC13D1371100EF8E4C /* SecondView.xib */; };
/* End PBXBuildFile section */

/* Begin PBXFileReference section */
		7F44C98A13D1371100EF8E4C /* mobx.app */ = {isa = PBXFileReference; explicitFileType = wrapper.application; includeInIndex = 0; path = mobx.app; sourceTree = BUILT_PRODUCTS_DIR; };
		7F44C98E13D1371100EF8E4C /* UIKit.framework */ = {isa = PBXFileReference; lastKnownFileType = wrapper.framework; name = UIKit.framework; path = System/Library/Frameworks/UIKit.framework; sourceTree = SDKROOT; };
		7F44C99013D1371100EF8E4C /* Foundation.framework */ = {isa = PBXFileReference; lastKnownFileType = wrapper.framework; name = Foundation.framework; path = System/Library/Frameworks/Foundation.framework; sourceTree = SDKROOT; };
		7F44C99213D1371100EF8E4C /* CoreGraphics.framework */ = {isa = PBXFileReference; lastKnownFileType = wrapper.framework; name = CoreGraphics.framework; path = System/Library/Frameworks/CoreGraphics.framework; sourceTree = SDKROOT; };
		7F44C99613D1371100EF8E4C /* mobx-Info.plist */ = {isa = PBXFileReference; path = "mobx-Info.plist"; sourceTree = "<group>"; };
		7F44C99813D1371100EF8E4C /* en */ = {isa = PBXFileReference; lastKnownFileType = text.plist.strings; name = en; path = en.lproj/InfoPlist.strings; sourceTree = "<group>"; };
		7F44C99A13D1371100EF8E4C /* mobx-Prefix.pch */ = {isa = PBXFileReference; path = "mobx-Prefix.pch"; sourceTree = "<group>"; };
		7F44C99B13D1371100EF8E4C /* main.m */ = {isa = PBXFileReference; lastKnownFileType = sourcecode.c.objc; path = main.m; sourceTree = "<group>"; };
		7F44C99D13D1371100EF8E4C /* mobxAppDelegate.h */ = {isa = PBXFileReference; path = mobxAppDelegate.h; sourceTree = "<group>"; };
		7F44C99E13D1371100EF8E4C /* mobxAppDelegate.m */ = {isa = PBXFileReference; lastKnownFileType = sourcecode.c.objc; path = mobxAppDelegate.m; sourceTree = "<group>"; };
		7F44C9A113D1371100EF8E4C /* en */ = {isa = PBXFileReference; lastKnownFileType = file.xib; name = en; path = en.lproj/MainWindow.xib; sourceTree = "<group>"; };
		7F44C9A313D1371100EF8E4C /* FirstViewController.h */ = {isa = PBXFileReference; path = FirstViewController.h; sourceTree = "<group>"; };
		7F44C9A413D1371100EF8E4C /* FirstViewController.m */ = {isa = PBXFileReference; lastKnownFileType = sourcecode.c.objc; path = FirstViewController.m; sourceTree = "<group>"; };
		7F44C9A613D1371100EF8E4C /* SecondViewController.h */ = {isa = PBXFileReference; path = SecondViewController.h; sourceTree = "<group>"; };
		7F44C9A713D1371100EF8E4C /* SecondViewController.m */ = {isa = PBXFileReference; lastKnownFileType = sourcecode.c.objc; path = SecondViewController.m; sourceTree = "<group>"; };
		7F44C9AA13D1371100EF8E4C /* en */ = {isa = PBXFileReference; lastKnownFileType = file.xib; name = en; path = en.lproj/FirstView.xib; sourceTree = "<group>"; };
		7F44C9AD13D1371100EF8E4C /* en */ = {isa = PBXFileReference; lastKnownFileType = file.xib; name = en; path = en.lproj/SecondView.xib; sourceTree = "<group>"; };
/* End PBXFileReference section */

/* Begin PBXFrameworksBuildPhase section */
		7F44C98713D1371100EF8E4C /* Frameworks */ = {
			isa = PBXFrameworksBuildPhase;
			buildActionMask = 2147483647;
			files = (
				7F44C98F13D1371100EF8E4C /* UIKit.framework in Frameworks */,
				7F44C99113D1371100EF8E4C /* Foundation.framework in Frameworks */,
				7F44C99313D1371100EF8E4C /* CoreGraphics.framework in Frameworks */,
			);
			runOnlyForDeploymentPostprocessing = 0;
		};
/* End PBXFrameworksBuildPhase section */

/* Begin PBXGroup section */
		7F44C97F13D1371100EF8E4C = {
			isa = PBXGroup;
			children = (
				7F44C99413D1371100EF8E4C /* mobx */,
				7F44C98D13D1371100EF8E4C /* Frameworks */,
				7F44C98B13D1371100EF8E4C /* Products */,
			);
			sourceTree = "<group>";
		};
		7F44C98B13D1371100EF8E4C /* Products */ = {
			isa = PBXGroup;
			children = (
				7F44C98A13D1371100EF8E4C /* mobx.app */,
			);
			name = Products;
			sourceTree = "<group>";
		};
		7F44C98D13D1371100EF8E4C /* Frameworks */ = {
			isa = PBXGroup;
			children = (
				7F44C98E13D1371100EF8E4C /* UIKit.framework */,
				7F44C99013D1371100EF8E4C /* Foundation.framework */,
				7F44C99213D1371100EF8E4C /* CoreGraphics.framework */,
			);
			name = Frameworks;
			sourceTree = "<group>";
		};
		7F44C99413D1371100EF8E4C /* mobx */ = {
			isa = PBXGroup;
			children = (
				7F44C99D13D1371100EF8E4C /* mobxAppDelegate.h */,
				7F44C99E13D1371100EF8E4C /* mobxAppDelegate.m */,
				7F44C9A013D1371100EF8E4C /* MainWindow.xib */,
				7F44C9A313D1371100EF8E4C /* FirstViewController.h */,
				7F44C9A413D1371100EF8E4C /* FirstViewController.m */,
				7F44C9A613D1371100EF8E4C /* SecondViewController.h */,
				7F44C9A713D1371100EF8E4C /* SecondViewController.m */,
				7F44C9A913D1371100EF8E4C /* FirstView.xib */,
				7F44C9AC13D1371100EF8E4C /* SecondView.xib */,
				7F44C99513D1371100EF8E4C /* Supporting Files */,
			);
			path = mobx;
			sourceTree = "<group>";
		};
		7F44C99513D1371100EF8E4C /* Supporting Files */ = {
			isa = PBXGroup;
			children = (
				7F44C99613D1371100EF8E4C /* mobx-Info.plist */,
				7F44C99713D1371100EF8E4C /* InfoPlist.strings */,
				7F44C99A13D1371100EF8E4C /* mobx-Prefix.pch */,
				7F44C99B13D1371100EF8E4C /* main.m */,
			);
			name = "Supporting Files";
			sourceTree = "<group>";
		};
/* End PBXGroup section */

/* Begin PBXNativeTarget section */
		7F44C98913D1371100EF8E4C /* mobx */ = {
			isa = PBXNativeTarget;
			buildConfigurationList = 7F44C9B113D1371100EF8E4C /* Build configuration list for PBXNativeTarget "mobx" */;
			buildPhases = (
				7F44C98613D1371100EF8E4C /* Sources */,
				7F44C98713D1371100EF8E4C /* Frameworks */,
				7F44C98813D1371100EF8E4C /* Resources */,
			);
			buildRules = (
			);
			dependencies = (
			);
			name = mobx;
			productName = mobx;
			productReference = 7F44C98A13D1371100EF8E4C /* mobx.app */;
			productType = "com.apple.product-type.application";
		};
/* End PBXNativeTarget section */

/* Begin PBXProject section */
		7F44C98113D1371100EF8E4C /* Project object */ = {
			isa = PBXProject;
			attributes = {
				ORGANIZATIONNAME = HomeNet;
			};
			buildConfigurationList = 7F44C98413D1371100EF8E4C /* Build configuration list for PBXProject "mobx" */;
			compatibilityVersion = "Xcode 3.2";
			developmentRegion = English;
			hasScannedForEncodings = 0;
			knownRegions = (
				en,
			);
			mainGroup = 7F44C97F13D1371100EF8E4C;
			productRefGroup = 7F44C98B13D1371100EF8E4C /* Products */;
			projectDirPath = "";
			projectRoot = "";
			targets = (
				7F44C98913D1371100EF8E4C /* mobx */,
			);
		};
/* End PBXProject section */

/* Begin PBXResourcesBuildPhase section */
		7F44C98813D1371100EF8E4C /* Resources */ = {
			isa = PBXResourcesBuildPhase;
			buildActionMask = 2147483647;
			files = (
				7F44C99913D1371100EF8E4C /* InfoPlist.strings in Resources */,
				7F44C9A213D1371100EF8E4C /* MainWindow.xib in Resources */,
				7F44C9AB13D1371100EF8E4C /* FirstView.xib in Resources */,
				7F44C9AE13D1371100EF8E4C /* SecondView.xib in Resources */,
			);
			runOnlyForDeploymentPostprocessing = 0;
		};
/* End PBXResourcesBuildPhase section */

/* Begin PBXSourcesBuildPhase section */
		7F44C98613D1371100EF8E4C /* Sources */ = {
			isa = PBXSourcesBuildPhase;
			buildActionMask = 2147483647;
			files = (
				7F44C99C13D1371100EF8E4C /* main.m in Sources */,
				7F44C99F13D1371100EF8E4C /* mobxAppDelegate.m in Sources */,
				7F44C9A513D1371100EF8E4C /* FirstViewController.m in Sources */,
				7F44C9A813D1371100EF8E4C /* SecondViewController.m in Sources */,
			);
			runOnlyForDeploymentPostprocessing = 0;
		};
/* End PBXSourcesBuildPhase section */

/* Begin PBXVariantGroup section */
		7F44C99713D1371100EF8E4C /* InfoPlist.strings */ = {
			isa = PBXVariantGroup;
			children = (
				7F44C99813D1371100EF8E4C /* en */,
			);
			name = InfoPlist.strings;
			sourceTree = "<group>";
		};
		7F44C9A013D1371100EF8E4C /* MainWindow.xib */ = {
			isa = PBXVariantGroup;
			children = (
				7F44C9A113D1371100EF8E4C /* en */,
			);
			name = MainWindow.xib;
			sourceTree = "<group>";
		};
		7F44C9A913D1371100EF8E4C /* FirstView.xib */ = {
			isa = PBXVariantGroup;
			children = (
				7F44C9AA13D1371100EF8E4C /* en */,
			);
			name = FirstView.xib;
			sourceTree = "<group>";
		};
		7F44C9AC13D1371100EF8E4C /* SecondView.xib */ = {
			isa = PBXVariantGroup;
			children = (
				7F44C9AD13D1371100EF8E4C /* en */,
			);
			name = SecondView.xib;
			sourceTree = "<group>";
		};
/* End PBXVariantGroup section */

/* Begin XCBuildConfiguration section */
		7F44C9AF13D1371100EF8E4C /* Debug */ = {
			isa = XCBuildConfiguration;
			buildSettings = {
				ARCHS = "$(ARCHS_STANDARD_32_BIT)";
				"CODE_SIGN_IDENTITY[sdk=iphoneos*]" = "iPhone Developer";
				GCC_C_LANGUAGE_STANDARD = gnu99;
				GCC_OPTIMIZATION_LEVEL = 0;
				GCC_PREPROCESSOR_DEFINITIONS = DEBUG;
				GCC_SYMBOLS_PRIVATE_EXTERN = NO;
				GCC_VERSION = com.apple.compilers.llvmgcc42;
				GCC_WARN_ABOUT_RETURN_TYPE = YES;
				GCC_WARN_UNUSED_VARIABLE = YES;
				IPHONEOS_DEPLOYMENT_TARGET = 4.3;
				SDKROOT = iphoneos;
			};
			name = Debug;
		};
		7F44C9B013D1371100EF8E4C /* Release */ = {
			isa = XCBuildConfiguration;
			buildSettings = {
				ARCHS = "$(ARCHS_STANDARD_32_BIT)";
				"CODE_SIGN_IDENTITY[sdk=iphoneos*]" = "iPhone Developer";
				GCC_C_LANGUAGE_STANDARD = gnu99;
				GCC_VERSION = com.apple.compilers.llvmgcc42;
				GCC_WARN_ABOUT_RETURN_TYPE = YES;
				GCC_WARN_UNUSED_VARIABLE = YES;
				IPHONEOS_DEPLOYMENT_TARGET = 4.3;
				OTHER_CFLAGS = "-DNS_BLOCK_ASSERTIONS=1";
				SDKROOT = iphoneos;
			};
			name = Release;
		};
		7F44C9B213D1371100EF8E4C /* Debug */ = {
			isa = XCBuildConfiguration;
			buildSettings = {
				ALWAYS_SEARCH_USER_PATHS = NO;
				COPY_PHASE_STRIP = NO;
				GCC_DYNAMIC_NO_PIC = NO;
				GCC_PRECOMPILE_PREFIX_HEADER = YES;
				GCC_PREFIX_HEADER = "mobx/mobx-Prefix.pch";
				INFOPLIST_FILE = "mobx/mobx-Info.plist";
				PRODUCT_NAME = "$(TARGET_NAME)";
				WRAPPER_EXTENSION = app;
			};
			name = Debug;
		};
		7F44C9B313D1371100EF8E4C /* Release */ = {
			isa = XCBuildConfiguration;
			buildSettings = {
				ALWAYS_SEARCH_USER_PATHS = NO;
				COPY_PHASE_STRIP = YES;
				GCC_PRECOMPILE_PREFIX_HEADER = YES;
				GCC_PREFIX_HEADER = "mobx/mobx-Prefix.pch";
				INFOPLIST_FILE = "mobx/mobx-Info.plist";
				PRODUCT_NAME = "$(TARGET_NAME)";
				VALIDATE_PRODUCT = YES;
				WRAPPER_EXTENSION = app;
			};
			name = Release;
		};
/* End XCBuildConfiguration section */

/* Begin XCConfigurationList section */
		7F44C98413D1371100EF8E4C /* Build configuration list for PBXProject "mobx" */ = {
			isa = XCConfigurationList;
			buildConfigurations = (
				7F44C9AF13D1371100EF8E4C /* Debug */,
				7F44C9B013D1371100EF8E4C /* Release */,
			);
			defaultConfigurationIsVisible = 0;
			defaultConfigurationName = Release;
		};
		7F44C9B113D1371100EF8E4C /* Build configuration list for PBXNativeTarget "mobx" */ = {
			isa = XCConfigurationList;
			buildConfigurations = (
				7F44C9B213D1371100EF8E4C /* Debug */,
				7F44C9B313D1371100EF8E4C /* Release */,
			);
			defaultConfigurationIsVisible = 0;
		};
/* End XCConfigurationList section */
	};
	rootObject = 7F44C98113D1371100EF8E4C /* Project object */;
}
