// !$*UTF8*$!
{
	archiveVersion = 1;
	classes = {
	};
	objectVersion = 46;
	objects = {

/* Begin PBXBuildFile section */
		7F26F79C13CA5F150072507B /* UIKit.framework in Frameworks */ = {isa = PBXBuildFile; fileRef = 7F26F79B13CA5F150072507B /* UIKit.framework */; };
		7F26F79E13CA5F150072507B /* Foundation.framework in Frameworks */ = {isa = PBXBuildFile; fileRef = 7F26F79D13CA5F150072507B /* Foundation.framework */; };
		7F26F7A013CA5F150072507B /* CoreGraphics.framework in Frameworks */ = {isa = PBXBuildFile; fileRef = 7F26F79F13CA5F150072507B /* CoreGraphics.framework */; };
		7F26F7A613CA5F150072507B /* InfoPlist.strings in Resources */ = {isa = PBXBuildFile; fileRef = 7F26F7A413CA5F150072507B /* InfoPlist.strings */; };
		7F26F7A913CA5F150072507B /* main.m in Sources */ = {isa = PBXBuildFile; fileRef = 7F26F7A813CA5F150072507B /* main.m */; };
		7F26F7AC13CA5F150072507B /* mobxAppDelegate.m in Sources */ = {isa = PBXBuildFile; fileRef = 7F26F7AB13CA5F150072507B /* mobxAppDelegate.m */; };
		7F26F7AF13CA5F150072507B /* MainWindow.xib in Resources */ = {isa = PBXBuildFile; fileRef = 7F26F7AD13CA5F150072507B /* MainWindow.xib */; };
		7F26F7B213CA5F150072507B /* mobxViewController.m in Sources */ = {isa = PBXBuildFile; fileRef = 7F26F7B113CA5F150072507B /* mobxViewController.m */; };
		7F26F7B513CA5F150072507B /* mobxViewController.xib in Resources */ = {isa = PBXBuildFile; fileRef = 7F26F7B313CA5F150072507B /* mobxViewController.xib */; };
/* End PBXBuildFile section */

/* Begin PBXFileReference section */
		7F26F79713CA5F150072507B /* mobx.app */ = {isa = PBXFileReference; explicitFileType = wrapper.application; includeInIndex = 0; path = mobx.app; sourceTree = BUILT_PRODUCTS_DIR; };
		7F26F79B13CA5F150072507B /* UIKit.framework */ = {isa = PBXFileReference; lastKnownFileType = wrapper.framework; name = UIKit.framework; path = System/Library/Frameworks/UIKit.framework; sourceTree = SDKROOT; };
		7F26F79D13CA5F150072507B /* Foundation.framework */ = {isa = PBXFileReference; lastKnownFileType = wrapper.framework; name = Foundation.framework; path = System/Library/Frameworks/Foundation.framework; sourceTree = SDKROOT; };
		7F26F79F13CA5F150072507B /* CoreGraphics.framework */ = {isa = PBXFileReference; lastKnownFileType = wrapper.framework; name = CoreGraphics.framework; path = System/Library/Frameworks/CoreGraphics.framework; sourceTree = SDKROOT; };
		7F26F7A313CA5F150072507B /* mobx-Info.plist */ = {isa = PBXFileReference; lastKnownFileType = text.plist.xml; path = "mobx-Info.plist"; sourceTree = "<group>"; };
		7F26F7A513CA5F150072507B /* en */ = {isa = PBXFileReference; lastKnownFileType = text.plist.strings; name = en; path = en.lproj/InfoPlist.strings; sourceTree = "<group>"; };
		7F26F7A713CA5F150072507B /* mobx-Prefix.pch */ = {isa = PBXFileReference; lastKnownFileType = sourcecode.c.h; path = "mobx-Prefix.pch"; sourceTree = "<group>"; };
		7F26F7A813CA5F150072507B /* main.m */ = {isa = PBXFileReference; lastKnownFileType = sourcecode.c.objc; path = main.m; sourceTree = "<group>"; };
		7F26F7AA13CA5F150072507B /* mobxAppDelegate.h */ = {isa = PBXFileReference; lastKnownFileType = sourcecode.c.h; path = mobxAppDelegate.h; sourceTree = "<group>"; };
		7F26F7AB13CA5F150072507B /* mobxAppDelegate.m */ = {isa = PBXFileReference; lastKnownFileType = sourcecode.c.objc; path = mobxAppDelegate.m; sourceTree = "<group>"; };
		7F26F7AE13CA5F150072507B /* en */ = {isa = PBXFileReference; lastKnownFileType = file.xib; name = en; path = en.lproj/MainWindow.xib; sourceTree = "<group>"; };
		7F26F7B013CA5F150072507B /* mobxViewController.h */ = {isa = PBXFileReference; lastKnownFileType = sourcecode.c.h; path = mobxViewController.h; sourceTree = "<group>"; };
		7F26F7B113CA5F150072507B /* mobxViewController.m */ = {isa = PBXFileReference; lastKnownFileType = sourcecode.c.objc; path = mobxViewController.m; sourceTree = "<group>"; };
		7F26F7B413CA5F150072507B /* en */ = {isa = PBXFileReference; lastKnownFileType = file.xib; name = en; path = en.lproj/mobxViewController.xib; sourceTree = "<group>"; };
/* End PBXFileReference section */

/* Begin PBXFrameworksBuildPhase section */
		7F26F79413CA5F140072507B /* Frameworks */ = {
			isa = PBXFrameworksBuildPhase;
			buildActionMask = 2147483647;
			files = (
				7F26F79C13CA5F150072507B /* UIKit.framework in Frameworks */,
				7F26F79E13CA5F150072507B /* Foundation.framework in Frameworks */,
				7F26F7A013CA5F150072507B /* CoreGraphics.framework in Frameworks */,
			);
			runOnlyForDeploymentPostprocessing = 0;
		};
/* End PBXFrameworksBuildPhase section */

/* Begin PBXGroup section */
		7F26F78C13CA5F140072507B = {
			isa = PBXGroup;
			children = (
				7F26F7A113CA5F150072507B /* mobx */,
				7F26F79A13CA5F150072507B /* Frameworks */,
				7F26F79813CA5F150072507B /* Products */,
			);
			sourceTree = "<group>";
		};
		7F26F79813CA5F150072507B /* Products */ = {
			isa = PBXGroup;
			children = (
				7F26F79713CA5F150072507B /* mobx.app */,
			);
			name = Products;
			sourceTree = "<group>";
		};
		7F26F79A13CA5F150072507B /* Frameworks */ = {
			isa = PBXGroup;
			children = (
				7F26F79B13CA5F150072507B /* UIKit.framework */,
				7F26F79D13CA5F150072507B /* Foundation.framework */,
				7F26F79F13CA5F150072507B /* CoreGraphics.framework */,
			);
			name = Frameworks;
			sourceTree = "<group>";
		};
		7F26F7A113CA5F150072507B /* mobx */ = {
			isa = PBXGroup;
			children = (
				7F26F7AA13CA5F150072507B /* mobxAppDelegate.h */,
				7F26F7AB13CA5F150072507B /* mobxAppDelegate.m */,
				7F26F7AD13CA5F150072507B /* MainWindow.xib */,
				7F26F7B013CA5F150072507B /* mobxViewController.h */,
				7F26F7B113CA5F150072507B /* mobxViewController.m */,
				7F26F7B313CA5F150072507B /* mobxViewController.xib */,
				7F26F7A213CA5F150072507B /* Supporting Files */,
			);
			path = mobx;
			sourceTree = "<group>";
		};
		7F26F7A213CA5F150072507B /* Supporting Files */ = {
			isa = PBXGroup;
			children = (
				7F26F7A313CA5F150072507B /* mobx-Info.plist */,
				7F26F7A413CA5F150072507B /* InfoPlist.strings */,
				7F26F7A713CA5F150072507B /* mobx-Prefix.pch */,
				7F26F7A813CA5F150072507B /* main.m */,
			);
			name = "Supporting Files";
			sourceTree = "<group>";
		};
/* End PBXGroup section */

/* Begin PBXNativeTarget section */
		7F26F79613CA5F140072507B /* mobx */ = {
			isa = PBXNativeTarget;
			buildConfigurationList = 7F26F7B813CA5F150072507B /* Build configuration list for PBXNativeTarget "mobx" */;
			buildPhases = (
				7F26F79313CA5F140072507B /* Sources */,
				7F26F79413CA5F140072507B /* Frameworks */,
				7F26F79513CA5F140072507B /* Resources */,
			);
			buildRules = (
			);
			dependencies = (
			);
			name = mobx;
			productName = mobx;
			productReference = 7F26F79713CA5F150072507B /* mobx.app */;
			productType = "com.apple.product-type.application";
		};
/* End PBXNativeTarget section */

/* Begin PBXProject section */
		7F26F78E13CA5F140072507B /* Project object */ = {
			isa = PBXProject;
			attributes = {
				ORGANIZATIONNAME = HomeNet;
			};
			buildConfigurationList = 7F26F79113CA5F140072507B /* Build configuration list for PBXProject "mobx" */;
			compatibilityVersion = "Xcode 3.2";
			developmentRegion = English;
			hasScannedForEncodings = 0;
			knownRegions = (
				en,
			);
			mainGroup = 7F26F78C13CA5F140072507B;
			productRefGroup = 7F26F79813CA5F150072507B /* Products */;
			projectDirPath = "";
			projectRoot = "";
			targets = (
				7F26F79613CA5F140072507B /* mobx */,
			);
		};
/* End PBXProject section */

/* Begin PBXResourcesBuildPhase section */
		7F26F79513CA5F140072507B /* Resources */ = {
			isa = PBXResourcesBuildPhase;
			buildActionMask = 2147483647;
			files = (
				7F26F7A613CA5F150072507B /* InfoPlist.strings in Resources */,
				7F26F7AF13CA5F150072507B /* MainWindow.xib in Resources */,
				7F26F7B513CA5F150072507B /* mobxViewController.xib in Resources */,
			);
			runOnlyForDeploymentPostprocessing = 0;
		};
/* End PBXResourcesBuildPhase section */

/* Begin PBXSourcesBuildPhase section */
		7F26F79313CA5F140072507B /* Sources */ = {
			isa = PBXSourcesBuildPhase;
			buildActionMask = 2147483647;
			files = (
				7F26F7A913CA5F150072507B /* main.m in Sources */,
				7F26F7AC13CA5F150072507B /* mobxAppDelegate.m in Sources */,
				7F26F7B213CA5F150072507B /* mobxViewController.m in Sources */,
			);
			runOnlyForDeploymentPostprocessing = 0;
		};
/* End PBXSourcesBuildPhase section */

/* Begin PBXVariantGroup section */
		7F26F7A413CA5F150072507B /* InfoPlist.strings */ = {
			isa = PBXVariantGroup;
			children = (
				7F26F7A513CA5F150072507B /* en */,
			);
			name = InfoPlist.strings;
			sourceTree = "<group>";
		};
		7F26F7AD13CA5F150072507B /* MainWindow.xib */ = {
			isa = PBXVariantGroup;
			children = (
				7F26F7AE13CA5F150072507B /* en */,
			);
			name = MainWindow.xib;
			sourceTree = "<group>";
		};
		7F26F7B313CA5F150072507B /* mobxViewController.xib */ = {
			isa = PBXVariantGroup;
			children = (
				7F26F7B413CA5F150072507B /* en */,
			);
			name = mobxViewController.xib;
			sourceTree = "<group>";
		};
/* End PBXVariantGroup section */

/* Begin XCBuildConfiguration section */
		7F26F7B613CA5F150072507B /* Debug */ = {
			isa = XCBuildConfiguration;
			buildSettings = {
				ARCHS = "$(ARCHS_STANDARD_32_BIT)";
				"CODE_SIGN_IDENTITY[sdk=iphoneos*]" = "iPhone Developer";
				GCC_C_LANGUAGE_STANDARD = gnu99;
				GCC_OPTIMIZATION_LEVEL = 0;
				GCC_PREPROCESSOR_DEFINITIONS = DEBUG;
				GCC_SYMBOLS_PRIVATE_EXTERN = NO;
				GCC_VERSION = com.apple.compilers.llvmgcc42;
				GCC_WARN_ABOUT_RETURN_TYPE = YES;
				GCC_WARN_UNUSED_VARIABLE = YES;
				IPHONEOS_DEPLOYMENT_TARGET = 4.3;
				SDKROOT = iphoneos;
			};
			name = Debug;
		};
		7F26F7B713CA5F150072507B /* Release */ = {
			isa = XCBuildConfiguration;
			buildSettings = {
				ARCHS = "$(ARCHS_STANDARD_32_BIT)";
				"CODE_SIGN_IDENTITY[sdk=iphoneos*]" = "iPhone Developer";
				GCC_C_LANGUAGE_STANDARD = gnu99;
				GCC_VERSION = com.apple.compilers.llvmgcc42;
				GCC_WARN_ABOUT_RETURN_TYPE = YES;
				GCC_WARN_UNUSED_VARIABLE = YES;
				IPHONEOS_DEPLOYMENT_TARGET = 4.3;
				OTHER_CFLAGS = "-DNS_BLOCK_ASSERTIONS=1";
				SDKROOT = iphoneos;
			};
			name = Release;
		};
		7F26F7B913CA5F150072507B /* Debug */ = {
			isa = XCBuildConfiguration;
			buildSettings = {
				ALWAYS_SEARCH_USER_PATHS = NO;
				COPY_PHASE_STRIP = NO;
				GCC_DYNAMIC_NO_PIC = NO;
				GCC_PRECOMPILE_PREFIX_HEADER = YES;
				GCC_PREFIX_HEADER = "mobx/mobx-Prefix.pch";
				INFOPLIST_FILE = "mobx/mobx-Info.plist";
				PRODUCT_NAME = "$(TARGET_NAME)";
				WRAPPER_EXTENSION = app;
			};
			name = Debug;
		};
		7F26F7BA13CA5F150072507B /* Release */ = {
			isa = XCBuildConfiguration;
			buildSettings = {
				ALWAYS_SEARCH_USER_PATHS = NO;
				COPY_PHASE_STRIP = YES;
				GCC_PRECOMPILE_PREFIX_HEADER = YES;
				GCC_PREFIX_HEADER = "mobx/mobx-Prefix.pch";
				INFOPLIST_FILE = "mobx/mobx-Info.plist";
				PRODUCT_NAME = "$(TARGET_NAME)";
				VALIDATE_PRODUCT = YES;
				WRAPPER_EXTENSION = app;
			};
			name = Release;
		};
/* End XCBuildConfiguration section */

/* Begin XCConfigurationList section */
		7F26F79113CA5F140072507B /* Build configuration list for PBXProject "mobx" */ = {
			isa = XCConfigurationList;
			buildConfigurations = (
				7F26F7B613CA5F150072507B /* Debug */,
				7F26F7B713CA5F150072507B /* Release */,
			);
			defaultConfigurationIsVisible = 0;
			defaultConfigurationName = Release;
		};
		7F26F7B813CA5F150072507B /* Build configuration list for PBXNativeTarget "mobx" */ = {
			isa = XCConfigurationList;
			buildConfigurations = (
				7F26F7B913CA5F150072507B /* Debug */,
				7F26F7BA13CA5F150072507B /* Release */,
			);
			defaultConfigurationIsVisible = 0;
		};
/* End XCConfigurationList section */
	};
	rootObject = 7F26F78E13CA5F140072507B /* Project object */;
}
