// !$*UTF8*$!
{
	archiveVersion = 1;
	classes = {
	};
	objectVersion = 46;
	objects = {

/* Begin PBXBuildFile section */
		7F09092413D5586100AEB66A /* MobxRecord.m in Sources */ = {isa = PBXBuildFile; fileRef = 7F09092313D5586100AEB66A /* MobxRecord.m */; };
		7F0DFBFB13F0D90200BF61A0 /* UIImage+fixOrientation.m in Sources */ = {isa = PBXBuildFile; fileRef = 7F0DFBFA13F0D90100BF61A0 /* UIImage+fixOrientation.m */; };
		7F23394013DC87770092F4AA /* CompositeSubviewBasedMobxCell.m in Sources */ = {isa = PBXBuildFile; fileRef = 7F23393F13DC87770092F4AA /* CompositeSubviewBasedMobxCell.m */; };
		7F23394313DC91990092F4AA /* CategoryList.plist in Resources */ = {isa = PBXBuildFile; fileRef = 7F23394213DC91990092F4AA /* CategoryList.plist */; };
		7F23398013DD42450092F4AA /* MobxModel.xcdatamodeld in Sources */ = {isa = PBXBuildFile; fileRef = 7F23397E13DD42450092F4AA /* MobxModel.xcdatamodeld */; };
		7F23398213DD42EE0092F4AA /* CoreData.framework in Frameworks */ = {isa = PBXBuildFile; fileRef = 7F23398113DD42EE0092F4AA /* CoreData.framework */; };
		7F23398513DD47300092F4AA /* MobxRootTabBarController.m in Sources */ = {isa = PBXBuildFile; fileRef = 7F23398413DD47300092F4AA /* MobxRootTabBarController.m */; };
		7F2C6BB713D6B070009A77EE /* SearchTableViewController.m in Sources */ = {isa = PBXBuildFile; fileRef = 7F2C6BB613D6B070009A77EE /* SearchTableViewController.m */; };
		7F52ACBE13D3BE5E00686761 /* CategoryListViewHandler.m in Sources */ = {isa = PBXBuildFile; fileRef = 7F52ACBD13D3BE5E00686761 /* CategoryListViewHandler.m */; };
		7F64B0CB13DA8FD5009F6B18 /* Settings.bundle in Resources */ = {isa = PBXBuildFile; fileRef = 7F64B0CA13DA8FD5009F6B18 /* Settings.bundle */; };
		7F8C41E813DA967F007297E4 /* AllConfigsViewController.m in Sources */ = {isa = PBXBuildFile; fileRef = 7F8C41E713DA967F007297E4 /* AllConfigsViewController.m */; };
		7F94F7C713E91CD300884508 /* CFNetwork.framework in Frameworks */ = {isa = PBXBuildFile; fileRef = 7F94F7C613E91CD300884508 /* CFNetwork.framework */; };
		7F94F7D313E91F7F00884508 /* DDAbstractDatabaseLogger.m in Sources */ = {isa = PBXBuildFile; fileRef = 7F94F7CA13E91F7F00884508 /* DDAbstractDatabaseLogger.m */; };
		7F94F7D413E91F7F00884508 /* DDASLLogger.m in Sources */ = {isa = PBXBuildFile; fileRef = 7F94F7CC13E91F7F00884508 /* DDASLLogger.m */; };
		7F94F7D513E91F7F00884508 /* DDFileLogger.m in Sources */ = {isa = PBXBuildFile; fileRef = 7F94F7CE13E91F7F00884508 /* DDFileLogger.m */; };
		7F94F7D613E91F7F00884508 /* DDLog.m in Sources */ = {isa = PBXBuildFile; fileRef = 7F94F7D013E91F7F00884508 /* DDLog.m */; };
		7F94F7D713E91F7F00884508 /* DDTTYLogger.m in Sources */ = {isa = PBXBuildFile; fileRef = 7F94F7D213E91F7F00884508 /* DDTTYLogger.m */; };
		7FA3A4DF13EBAD700030AFA6 /* MapKit.framework in Frameworks */ = {isa = PBXBuildFile; fileRef = 7FA3A4DE13EBAD700030AFA6 /* MapKit.framework */; };
		7FA3A4E113EBAD750030AFA6 /* CoreLocation.framework in Frameworks */ = {isa = PBXBuildFile; fileRef = 7FA3A4E013EBAD750030AFA6 /* CoreLocation.framework */; };
		7FA567A713D939D100C75C31 /* MobxCell.m in Sources */ = {isa = PBXBuildFile; fileRef = 7FA567A613D939D100C75C31 /* MobxCell.m */; };
		7FA567D913D9415200C75C31 /* ChatsTableViewController.m in Sources */ = {isa = PBXBuildFile; fileRef = 7FA567D813D9415200C75C31 /* ChatsTableViewController.m */; };
		7FA567DC13D9475100C75C31 /* IndividualSubViewBasedMobxCell.m in Sources */ = {isa = PBXBuildFile; fileRef = 7FA567DB13D9475100C75C31 /* IndividualSubViewBasedMobxCell.m */; };
		7FA567EF13D9481300C75C31 /* Baseball.png in Resources */ = {isa = PBXBuildFile; fileRef = 7FA567DE13D9481300C75C31 /* Baseball.png */; };
		7FA567F013D9481300C75C31 /* Blocks.png in Resources */ = {isa = PBXBuildFile; fileRef = 7FA567DF13D9481300C75C31 /* Blocks.png */; };
		7FA567F113D9481300C75C31 /* Checkers.png in Resources */ = {isa = PBXBuildFile; fileRef = 7FA567E013D9481300C75C31 /* Checkers.png */; };
		7FA567F213D9481300C75C31 /* DarkBackground.png in Resources */ = {isa = PBXBuildFile; fileRef = 7FA567E113D9481300C75C31 /* DarkBackground.png */; };
		7FA567F313D9481300C75C31 /* Dinner.png in Resources */ = {isa = PBXBuildFile; fileRef = 7FA567E213D9481300C75C31 /* Dinner.png */; };
		7FA567F413D9481300C75C31 /* Football.png in Resources */ = {isa = PBXBuildFile; fileRef = 7FA567E313D9481300C75C31 /* Football.png */; };
		7FA567F513D9481300C75C31 /* Icon-72.png in Resources */ = {isa = PBXBuildFile; fileRef = 7FA567E413D9481300C75C31 /* Icon-72.png */; };
		7FA567F613D9481300C75C31 /* Icon-Small-50.png in Resources */ = {isa = PBXBuildFile; fileRef = 7FA567E513D9481300C75C31 /* Icon-Small-50.png */; };
		7FA567F713D9481300C75C31 /* Icon-Small.png in Resources */ = {isa = PBXBuildFile; fileRef = 7FA567E613D9481300C75C31 /* Icon-Small.png */; };
		7FA567F813D9481300C75C31 /* Icon-Small@2x.png in Resources */ = {isa = PBXBuildFile; fileRef = 7FA567E713D9481300C75C31 /* Icon-Small@2x.png */; };
		7FA567F913D9481300C75C31 /* Icon.png in Resources */ = {isa = PBXBuildFile; fileRef = 7FA567E813D9481300C75C31 /* Icon.png */; };
		7FA567FA13D9481300C75C31 /* Icon@2x.png in Resources */ = {isa = PBXBuildFile; fileRef = 7FA567E913D9481300C75C31 /* Icon@2x.png */; };
		7FA567FB13D9481300C75C31 /* iTunesArtwork in Resources */ = {isa = PBXBuildFile; fileRef = 7FA567EA13D9481300C75C31 /* iTunesArtwork */; };
		7FA567FC13D9481300C75C31 /* LightBackground.png in Resources */ = {isa = PBXBuildFile; fileRef = 7FA567EB13D9481300C75C31 /* LightBackground.png */; };
		7FA567FD13D9481300C75C31 /* MathGraph.png in Resources */ = {isa = PBXBuildFile; fileRef = 7FA567EC13D9481300C75C31 /* MathGraph.png */; };
		7FA567FE13D9481300C75C31 /* StarsBackground.png in Resources */ = {isa = PBXBuildFile; fileRef = 7FA567ED13D9481300C75C31 /* StarsBackground.png */; };
		7FA567FF13D9481300C75C31 /* StarsForeground.png in Resources */ = {isa = PBXBuildFile; fileRef = 7FA567EE13D9481300C75C31 /* StarsForeground.png */; };
		7FA5680113D9484100C75C31 /* ChatsTableViewCell.xib in Resources */ = {isa = PBXBuildFile; fileRef = 7FA5680013D9484100C75C31 /* ChatsTableViewCell.xib */; };
		7FA5681013D956C800C75C31 /* ChatsViewTableData.plist in Resources */ = {isa = PBXBuildFile; fileRef = 7FA5680F13D956C800C75C31 /* ChatsViewTableData.plist */; };
		7FA5F6EA13E931C80054CC17 /* AsyncSocket.m in Sources */ = {isa = PBXBuildFile; fileRef = 7FA5F6E713E931C80054CC17 /* AsyncSocket.m */; };
		7FA5F6EB13E931C80054CC17 /* GCDAsyncSocket.m in Sources */ = {isa = PBXBuildFile; fileRef = 7FA5F6E913E931C80054CC17 /* GCDAsyncSocket.m */; };
		7FA5F6F913EB35F50054CC17 /* MobxProtocol.m in Sources */ = {isa = PBXBuildFile; fileRef = 7FA5F6F813EB35F50054CC17 /* MobxProtocol.m */; };
		7FA5F6FF13EB50880054CC17 /* CreateUserView.xib in Resources */ = {isa = PBXBuildFile; fileRef = 7FA5F6FE13EB50880054CC17 /* CreateUserView.xib */; };
		7FA5F70313EB52EB0054CC17 /* CreateUserViewController.m in Sources */ = {isa = PBXBuildFile; fileRef = 7FA5F70213EB52EB0054CC17 /* CreateUserViewController.m */; };
		7FA5F70613EB86AB0054CC17 /* MobxContext.m in Sources */ = {isa = PBXBuildFile; fileRef = 7FA5F70513EB86AB0054CC17 /* MobxContext.m */; };
		7FA5F70813EB8D7D0054CC17 /* Common.m in Sources */ = {isa = PBXBuildFile; fileRef = 7FA5F70713EB8D7D0054CC17 /* Common.m */; };
		7FB231A413DBFF7300CFDB91 /* MessageUI.framework in Frameworks */ = {isa = PBXBuildFile; fileRef = 7FB231A313DBFF7300CFDB91 /* MessageUI.framework */; };
		7FB231A713DC028000CFDB91 /* 20-gear2.png in Resources */ = {isa = PBXBuildFile; fileRef = 7FB231A513DC028000CFDB91 /* 20-gear2.png */; };
		7FB231A813DC028000CFDB91 /* Icon_gear.png in Resources */ = {isa = PBXBuildFile; fileRef = 7FB231A613DC028000CFDB91 /* Icon_gear.png */; };
		7FB231B413DC06DD00CFDB91 /* IASKAppSettingsViewController.m in Sources */ = {isa = PBXBuildFile; fileRef = 7FB231AF13DC06DD00CFDB91 /* IASKAppSettingsViewController.m */; };
		7FB231B513DC06DD00CFDB91 /* IASKAppSettingsWebViewController.m in Sources */ = {isa = PBXBuildFile; fileRef = 7FB231B113DC06DD00CFDB91 /* IASKAppSettingsWebViewController.m */; };
		7FB231B613DC06DD00CFDB91 /* IASKSpecifierValuesViewController.m in Sources */ = {isa = PBXBuildFile; fileRef = 7FB231B313DC06DD00CFDB91 /* IASKSpecifierValuesViewController.m */; };
		7FB231C113DC070F00CFDB91 /* IASKSettingsReader.m in Sources */ = {isa = PBXBuildFile; fileRef = 7FB231B813DC070F00CFDB91 /* IASKSettingsReader.m */; };
		7FB231C213DC070F00CFDB91 /* IASKSettingsStore.m in Sources */ = {isa = PBXBuildFile; fileRef = 7FB231BA13DC070F00CFDB91 /* IASKSettingsStore.m */; };
		7FB231C313DC070F00CFDB91 /* IASKSettingsStoreFile.m in Sources */ = {isa = PBXBuildFile; fileRef = 7FB231BC13DC070F00CFDB91 /* IASKSettingsStoreFile.m */; };
		7FB231C413DC070F00CFDB91 /* IASKSettingsStoreUserDefaults.m in Sources */ = {isa = PBXBuildFile; fileRef = 7FB231BE13DC070F00CFDB91 /* IASKSettingsStoreUserDefaults.m */; };
		7FB231C513DC070F00CFDB91 /* IASKSpecifier.m in Sources */ = {isa = PBXBuildFile; fileRef = 7FB231C013DC070F00CFDB91 /* IASKSpecifier.m */; };
		7FB231D413DC072400CFDB91 /* IASKPSSliderSpecifierViewCell.m in Sources */ = {isa = PBXBuildFile; fileRef = 7FB231C713DC072400CFDB91 /* IASKPSSliderSpecifierViewCell.m */; };
		7FB231D513DC072400CFDB91 /* IASKPSTextFieldSpecifierViewCell.m in Sources */ = {isa = PBXBuildFile; fileRef = 7FB231C913DC072400CFDB91 /* IASKPSTextFieldSpecifierViewCell.m */; };
		7FB231D613DC072400CFDB91 /* IASKPSTitleValueSpecifierViewCell.m in Sources */ = {isa = PBXBuildFile; fileRef = 7FB231CB13DC072400CFDB91 /* IASKPSTitleValueSpecifierViewCell.m */; };
		7FB231D713DC072400CFDB91 /* IASKPSToggleSwitchSpecifierViewCell.m in Sources */ = {isa = PBXBuildFile; fileRef = 7FB231CD13DC072400CFDB91 /* IASKPSToggleSwitchSpecifierViewCell.m */; };
		7FB231D813DC072400CFDB91 /* IASKSlider.m in Sources */ = {isa = PBXBuildFile; fileRef = 7FB231CF13DC072400CFDB91 /* IASKSlider.m */; };
		7FB231D913DC072400CFDB91 /* IASKSwitch.m in Sources */ = {isa = PBXBuildFile; fileRef = 7FB231D113DC072400CFDB91 /* IASKSwitch.m */; };
		7FB231DA13DC072400CFDB91 /* IASKTextField.m in Sources */ = {isa = PBXBuildFile; fileRef = 7FB231D313DC072400CFDB91 /* IASKTextField.m */; };
		7FB231E113DC073600CFDB91 /* IASKAppSettingsView.xib in Resources */ = {isa = PBXBuildFile; fileRef = 7FB231DB13DC073600CFDB91 /* IASKAppSettingsView.xib */; };
		7FB231E213DC073600CFDB91 /* IASKAppSettingsWebView.xib in Resources */ = {isa = PBXBuildFile; fileRef = 7FB231DC13DC073600CFDB91 /* IASKAppSettingsWebView.xib */; };
		7FB231E313DC073600CFDB91 /* IASKPSSliderSpecifierViewCell.xib in Resources */ = {isa = PBXBuildFile; fileRef = 7FB231DD13DC073600CFDB91 /* IASKPSSliderSpecifierViewCell.xib */; };
		7FB231E413DC073600CFDB91 /* IASKPSTextFieldSpecifierViewCell.xib in Resources */ = {isa = PBXBuildFile; fileRef = 7FB231DE13DC073600CFDB91 /* IASKPSTextFieldSpecifierViewCell.xib */; };
		7FB231E513DC073600CFDB91 /* IASKPSToggleSwitchSpecifierViewCell.xib in Resources */ = {isa = PBXBuildFile; fileRef = 7FB231DF13DC073600CFDB91 /* IASKPSToggleSwitchSpecifierViewCell.xib */; };
		7FB231E613DC073600CFDB91 /* IASKSpecifierValuesView.xib in Resources */ = {isa = PBXBuildFile; fileRef = 7FB231E013DC073600CFDB91 /* IASKSpecifierValuesView.xib */; };
		7FBDF55713D361C4008627AF /* UIKit.framework in Frameworks */ = {isa = PBXBuildFile; fileRef = 7FBDF55613D361C4008627AF /* UIKit.framework */; };
		7FBDF55913D361C4008627AF /* Foundation.framework in Frameworks */ = {isa = PBXBuildFile; fileRef = 7FBDF55813D361C4008627AF /* Foundation.framework */; };
		7FBDF55B13D361C4008627AF /* CoreGraphics.framework in Frameworks */ = {isa = PBXBuildFile; fileRef = 7FBDF55A13D361C4008627AF /* CoreGraphics.framework */; };
		7FBDF56113D361C4008627AF /* InfoPlist.strings in Resources */ = {isa = PBXBuildFile; fileRef = 7FBDF55F13D361C4008627AF /* InfoPlist.strings */; };
		7FBDF56413D361C4008627AF /* main.m in Sources */ = {isa = PBXBuildFile; fileRef = 7FBDF56313D361C4008627AF /* main.m */; };
		7FBDF56713D361C4008627AF /* MobxAppDelegate.m in Sources */ = {isa = PBXBuildFile; fileRef = 7FBDF56613D361C4008627AF /* MobxAppDelegate.m */; };
		7FBDF56A13D361C4008627AF /* MainWindow.xib in Resources */ = {isa = PBXBuildFile; fileRef = 7FBDF56813D361C4008627AF /* MainWindow.xib */; };
		7FBDF56D13D361C4008627AF /* HomeViewController.m in Sources */ = {isa = PBXBuildFile; fileRef = 7FBDF56C13D361C4008627AF /* HomeViewController.m */; };
		7FBDF57013D361C4008627AF /* SearchViewController.m in Sources */ = {isa = PBXBuildFile; fileRef = 7FBDF56F13D361C4008627AF /* SearchViewController.m */; };
		7FBDF57313D361C4008627AF /* HomeView.xib in Resources */ = {isa = PBXBuildFile; fileRef = 7FBDF57113D361C4008627AF /* HomeView.xib */; };
		7FBDF57613D361C4008627AF /* SearchView.xib in Resources */ = {isa = PBXBuildFile; fileRef = 7FBDF57413D361C4008627AF /* SearchView.xib */; };
		7FBDF57D13D3699E008627AF /* ChatsView.xib in Resources */ = {isa = PBXBuildFile; fileRef = 7FBDF57C13D3699E008627AF /* ChatsView.xib */; };
		7FBDF57F13D369AB008627AF /* SettingsView.xib in Resources */ = {isa = PBXBuildFile; fileRef = 7FBDF57E13D369AB008627AF /* SettingsView.xib */; };
		7FBDF58E13D36AB0008627AF /* SettingsViewController.m in Sources */ = {isa = PBXBuildFile; fileRef = 7FBDF58D13D36AB0008627AF /* SettingsViewController.m */; };
		7FBDF59413D37EB0008627AF /* ChatsViewController.m in Sources */ = {isa = PBXBuildFile; fileRef = 7FBDF59313D37EAF008627AF /* ChatsViewController.m */; };
		7FBDF59613D38102008627AF /* weicheng.jpg in Resources */ = {isa = PBXBuildFile; fileRef = 7FBDF59513D38102008627AF /* weicheng.jpg */; };
		7FCA717C13EE469E00E90912 /* JsonClassFactory.m in Sources */ = {isa = PBXBuildFile; fileRef = 7FCA717B13EE469E00E90912 /* JsonClassFactory.m */; };
		7FCA717F13EE47EC00E90912 /* User.m in Sources */ = {isa = PBXBuildFile; fileRef = 7FCA717E13EE47EC00E90912 /* User.m */; };
		7FD0DD1713EE06620062EECD /* OverlayViewController.m in Sources */ = {isa = PBXBuildFile; fileRef = 7FD0DD1613EE06620062EECD /* OverlayViewController.m */; };
		7FD0DD1913EE06C40062EECD /* OverlayViewController.xib in Resources */ = {isa = PBXBuildFile; fileRef = 7FD0DD1813EE06C40062EECD /* OverlayViewController.xib */; };
		7FD0DD1C13EE0B620062EECD /* AudioToolbox.framework in Frameworks */ = {isa = PBXBuildFile; fileRef = 7FD0DD1B13EE0B610062EECD /* AudioToolbox.framework */; };
		7FD0DD1E13EE15660062EECD /* tick.aiff in Resources */ = {isa = PBXBuildFile; fileRef = 7FD0DD1D13EE15660062EECD /* tick.aiff */; };
		7FEAAEF213EBCCAB00127350 /* AddressBook.framework in Frameworks */ = {isa = PBXBuildFile; fileRef = 7FEAAEF113EBCCAB00127350 /* AddressBook.framework */; };
		7FEAAEF513EBCD0A00127350 /* MobxLocationController.m in Sources */ = {isa = PBXBuildFile; fileRef = 7FEAAEF413EBCD0A00127350 /* MobxLocationController.m */; };
/* End PBXBuildFile section */

/* Begin PBXContainerItemProxy section */
		7FCA716F13EE460100E90912 /* PBXContainerItemProxy */ = {
			isa = PBXContainerItemProxy;
			containerPortal = 7FCA716513EE460000E90912 /* SBJson.xcodeproj */;
			proxyType = 2;
			remoteGlobalIDString = BC12323D1391D5CC00131607;
			remoteInfo = SBJson;
		};
		7FCA717113EE460100E90912 /* PBXContainerItemProxy */ = {
			isa = PBXContainerItemProxy;
			containerPortal = 7FCA716513EE460000E90912 /* SBJson.xcodeproj */;
			proxyType = 2;
			remoteGlobalIDString = BC1232521391D5CC00131607;
			remoteInfo = SBJsonTests;
		};
		7FCA717313EE460100E90912 /* PBXContainerItemProxy */ = {
			isa = PBXContainerItemProxy;
			containerPortal = 7FCA716513EE460000E90912 /* SBJson.xcodeproj */;
			proxyType = 2;
			remoteGlobalIDString = BCC2626913920FC7003D9994;
			remoteInfo = "sbjson-ios";
		};
		7FCA717513EE460100E90912 /* PBXContainerItemProxy */ = {
			isa = PBXContainerItemProxy;
			containerPortal = 7FCA716513EE460000E90912 /* SBJson.xcodeproj */;
			proxyType = 2;
			remoteGlobalIDString = BCC2627313920FC7003D9994;
			remoteInfo = "sbjson-iosTests";
		};
		7FCA717813EE461300E90912 /* PBXContainerItemProxy */ = {
			isa = PBXContainerItemProxy;
			containerPortal = 7FCA716513EE460000E90912 /* SBJson.xcodeproj */;
			proxyType = 1;
			remoteGlobalIDString = BC12323C1391D5CC00131607;
			remoteInfo = SBJson;
		};
/* End PBXContainerItemProxy section */

/* Begin PBXFileReference section */
		7F09092213D5586100AEB66A /* MobxRecord.h */ = {isa = PBXFileReference; fileEncoding = 4; lastKnownFileType = sourcecode.c.h; path = MobxRecord.h; sourceTree = "<group>"; };
		7F09092313D5586100AEB66A /* MobxRecord.m */ = {isa = PBXFileReference; fileEncoding = 4; lastKnownFileType = sourcecode.c.objc; path = MobxRecord.m; sourceTree = "<group>"; };
		7F0DFBF913F0D90100BF61A0 /* UIImage+fixOrientation.h */ = {isa = PBXFileReference; fileEncoding = 4; lastKnownFileType = sourcecode.c.h; path = "UIImage+fixOrientation.h"; sourceTree = "<group>"; };
		7F0DFBFA13F0D90100BF61A0 /* UIImage+fixOrientation.m */ = {isa = PBXFileReference; fileEncoding = 4; lastKnownFileType = sourcecode.c.objc; path = "UIImage+fixOrientation.m"; sourceTree = "<group>"; };
		7F23393E13DC87760092F4AA /* CompositeSubviewBasedMobxCell.h */ = {isa = PBXFileReference; fileEncoding = 4; lastKnownFileType = sourcecode.c.h; path = CompositeSubviewBasedMobxCell.h; sourceTree = "<group>"; };
		7F23393F13DC87770092F4AA /* CompositeSubviewBasedMobxCell.m */ = {isa = PBXFileReference; fileEncoding = 4; lastKnownFileType = sourcecode.c.objc; path = CompositeSubviewBasedMobxCell.m; sourceTree = "<group>"; };
		7F23394213DC91990092F4AA /* CategoryList.plist */ = {isa = PBXFileReference; fileEncoding = 4; lastKnownFileType = text.plist.xml; path = CategoryList.plist; sourceTree = "<group>"; };
		7F23394713DC96630092F4AA /* MobxUIConstants.h */ = {isa = PBXFileReference; fileEncoding = 4; lastKnownFileType = sourcecode.c.h; path = MobxUIConstants.h; sourceTree = "<group>"; };
		7F23397F13DD42450092F4AA /* MobxModel.xcdatamodel */ = {isa = PBXFileReference; lastKnownFileType = wrapper.xcdatamodel; path = MobxModel.xcdatamodel; sourceTree = "<group>"; };
		7F23398113DD42EE0092F4AA /* CoreData.framework */ = {isa = PBXFileReference; lastKnownFileType = wrapper.framework; name = CoreData.framework; path = System/Library/Frameworks/CoreData.framework; sourceTree = SDKROOT; };
		7F23398313DD472F0092F4AA /* MobxRootTabBarController.h */ = {isa = PBXFileReference; fileEncoding = 4; lastKnownFileType = sourcecode.c.h; path = MobxRootTabBarController.h; sourceTree = "<group>"; };
		7F23398413DD47300092F4AA /* MobxRootTabBarController.m */ = {isa = PBXFileReference; fileEncoding = 4; lastKnownFileType = sourcecode.c.objc; path = MobxRootTabBarController.m; sourceTree = "<group>"; };
		7F2C6BB513D6B070009A77EE /* SearchTableViewController.h */ = {isa = PBXFileReference; fileEncoding = 4; lastKnownFileType = sourcecode.c.h; path = SearchTableViewController.h; sourceTree = "<group>"; };
		7F2C6BB613D6B070009A77EE /* SearchTableViewController.m */ = {isa = PBXFileReference; fileEncoding = 4; lastKnownFileType = sourcecode.c.objc; path = SearchTableViewController.m; sourceTree = "<group>"; };
		7F52ACBC13D3BE5E00686761 /* CategoryListViewHandler.h */ = {isa = PBXFileReference; fileEncoding = 4; lastKnownFileType = sourcecode.c.h; name = CategoryListViewHandler.h; path = HomeView/CategoryListViewHandler.h; sourceTree = "<group>"; };
		7F52ACBD13D3BE5E00686761 /* CategoryListViewHandler.m */ = {isa = PBXFileReference; fileEncoding = 4; lastKnownFileType = sourcecode.c.objc; name = CategoryListViewHandler.m; path = HomeView/CategoryListViewHandler.m; sourceTree = "<group>"; };
		7F64B0CA13DA8FD5009F6B18 /* Settings.bundle */ = {isa = PBXFileReference; lastKnownFileType = "wrapper.plug-in"; path = Settings.bundle; sourceTree = "<group>"; };
		7F8C41E613DA967F007297E4 /* AllConfigsViewController.h */ = {isa = PBXFileReference; fileEncoding = 4; lastKnownFileType = sourcecode.c.h; path = AllConfigsViewController.h; sourceTree = "<group>"; };
		7F8C41E713DA967F007297E4 /* AllConfigsViewController.m */ = {isa = PBXFileReference; fileEncoding = 4; lastKnownFileType = sourcecode.c.objc; path = AllConfigsViewController.m; sourceTree = "<group>"; };
		7F94F7C613E91CD300884508 /* CFNetwork.framework */ = {isa = PBXFileReference; lastKnownFileType = wrapper.framework; name = CFNetwork.framework; path = System/Library/Frameworks/CFNetwork.framework; sourceTree = SDKROOT; };
		7F94F7C913E91F7F00884508 /* DDAbstractDatabaseLogger.h */ = {isa = PBXFileReference; fileEncoding = 4; lastKnownFileType = sourcecode.c.h; name = DDAbstractDatabaseLogger.h; path = CocoaLumberjack/DDAbstractDatabaseLogger.h; sourceTree = "<group>"; };
		7F94F7CA13E91F7F00884508 /* DDAbstractDatabaseLogger.m */ = {isa = PBXFileReference; fileEncoding = 4; lastKnownFileType = sourcecode.c.objc; name = DDAbstractDatabaseLogger.m; path = CocoaLumberjack/DDAbstractDatabaseLogger.m; sourceTree = "<group>"; };
		7F94F7CB13E91F7F00884508 /* DDASLLogger.h */ = {isa = PBXFileReference; fileEncoding = 4; lastKnownFileType = sourcecode.c.h; name = DDASLLogger.h; path = CocoaLumberjack/DDASLLogger.h; sourceTree = "<group>"; };
		7F94F7CC13E91F7F00884508 /* DDASLLogger.m */ = {isa = PBXFileReference; fileEncoding = 4; lastKnownFileType = sourcecode.c.objc; name = DDASLLogger.m; path = CocoaLumberjack/DDASLLogger.m; sourceTree = "<group>"; };
		7F94F7CD13E91F7F00884508 /* DDFileLogger.h */ = {isa = PBXFileReference; fileEncoding = 4; lastKnownFileType = sourcecode.c.h; name = DDFileLogger.h; path = CocoaLumberjack/DDFileLogger.h; sourceTree = "<group>"; };
		7F94F7CE13E91F7F00884508 /* DDFileLogger.m */ = {isa = PBXFileReference; fileEncoding = 4; lastKnownFileType = sourcecode.c.objc; name = DDFileLogger.m; path = CocoaLumberjack/DDFileLogger.m; sourceTree = "<group>"; };
		7F94F7CF13E91F7F00884508 /* DDLog.h */ = {isa = PBXFileReference; fileEncoding = 4; lastKnownFileType = sourcecode.c.h; name = DDLog.h; path = CocoaLumberjack/DDLog.h; sourceTree = "<group>"; };
		7F94F7D013E91F7F00884508 /* DDLog.m */ = {isa = PBXFileReference; fileEncoding = 4; lastKnownFileType = sourcecode.c.objc; name = DDLog.m; path = CocoaLumberjack/DDLog.m; sourceTree = "<group>"; };
		7F94F7D113E91F7F00884508 /* DDTTYLogger.h */ = {isa = PBXFileReference; fileEncoding = 4; lastKnownFileType = sourcecode.c.h; name = DDTTYLogger.h; path = CocoaLumberjack/DDTTYLogger.h; sourceTree = "<group>"; };
		7F94F7D213E91F7F00884508 /* DDTTYLogger.m */ = {isa = PBXFileReference; fileEncoding = 4; lastKnownFileType = sourcecode.c.objc; name = DDTTYLogger.m; path = CocoaLumberjack/DDTTYLogger.m; sourceTree = "<group>"; };
		7FA3A4DE13EBAD700030AFA6 /* MapKit.framework */ = {isa = PBXFileReference; lastKnownFileType = wrapper.framework; name = MapKit.framework; path = System/Library/Frameworks/MapKit.framework; sourceTree = SDKROOT; };
		7FA3A4E013EBAD750030AFA6 /* CoreLocation.framework */ = {isa = PBXFileReference; lastKnownFileType = wrapper.framework; name = CoreLocation.framework; path = System/Library/Frameworks/CoreLocation.framework; sourceTree = SDKROOT; };
		7FA567A513D939D100C75C31 /* MobxCell.h */ = {isa = PBXFileReference; fileEncoding = 4; lastKnownFileType = sourcecode.c.h; path = MobxCell.h; sourceTree = "<group>"; };
		7FA567A613D939D100C75C31 /* MobxCell.m */ = {isa = PBXFileReference; fileEncoding = 4; lastKnownFileType = sourcecode.c.objc; path = MobxCell.m; sourceTree = "<group>"; };
		7FA567D713D9415200C75C31 /* ChatsTableViewController.h */ = {isa = PBXFileReference; fileEncoding = 4; lastKnownFileType = sourcecode.c.h; path = ChatsTableViewController.h; sourceTree = "<group>"; };
		7FA567D813D9415200C75C31 /* ChatsTableViewController.m */ = {isa = PBXFileReference; fileEncoding = 4; lastKnownFileType = sourcecode.c.objc; path = ChatsTableViewController.m; sourceTree = "<group>"; };
		7FA567DB13D9475100C75C31 /* IndividualSubViewBasedMobxCell.m */ = {isa = PBXFileReference; fileEncoding = 4; lastKnownFileType = sourcecode.c.objc; path = IndividualSubViewBasedMobxCell.m; sourceTree = "<group>"; };
		7FA567DE13D9481300C75C31 /* Baseball.png */ = {isa = PBXFileReference; lastKnownFileType = image.png; name = Baseball.png; path = Resources/Images/Baseball.png; sourceTree = "<group>"; };
		7FA567DF13D9481300C75C31 /* Blocks.png */ = {isa = PBXFileReference; lastKnownFileType = image.png; name = Blocks.png; path = Resources/Images/Blocks.png; sourceTree = "<group>"; };
		7FA567E013D9481300C75C31 /* Checkers.png */ = {isa = PBXFileReference; lastKnownFileType = image.png; name = Checkers.png; path = Resources/Images/Checkers.png; sourceTree = "<group>"; };
		7FA567E113D9481300C75C31 /* DarkBackground.png */ = {isa = PBXFileReference; lastKnownFileType = image.png; name = DarkBackground.png; path = Resources/Images/DarkBackground.png; sourceTree = "<group>"; };
		7FA567E213D9481300C75C31 /* Dinner.png */ = {isa = PBXFileReference; lastKnownFileType = image.png; name = Dinner.png; path = Resources/Images/Dinner.png; sourceTree = "<group>"; };
		7FA567E313D9481300C75C31 /* Football.png */ = {isa = PBXFileReference; lastKnownFileType = image.png; name = Football.png; path = Resources/Images/Football.png; sourceTree = "<group>"; };
		7FA567E413D9481300C75C31 /* Icon-72.png */ = {isa = PBXFileReference; lastKnownFileType = image.png; name = "Icon-72.png"; path = "Resources/Images/Icon-72.png"; sourceTree = "<group>"; };
		7FA567E513D9481300C75C31 /* Icon-Small-50.png */ = {isa = PBXFileReference; lastKnownFileType = image.png; name = "Icon-Small-50.png"; path = "Resources/Images/Icon-Small-50.png"; sourceTree = "<group>"; };
		7FA567E613D9481300C75C31 /* Icon-Small.png */ = {isa = PBXFileReference; lastKnownFileType = image.png; name = "Icon-Small.png"; path = "Resources/Images/Icon-Small.png"; sourceTree = "<group>"; };
		7FA567E713D9481300C75C31 /* Icon-Small@2x.png */ = {isa = PBXFileReference; lastKnownFileType = image.png; name = "Icon-Small@2x.png"; path = "Resources/Images/Icon-Small@2x.png"; sourceTree = "<group>"; };
		7FA567E813D9481300C75C31 /* Icon.png */ = {isa = PBXFileReference; lastKnownFileType = image.png; name = Icon.png; path = Resources/Images/Icon.png; sourceTree = "<group>"; };
		7FA567E913D9481300C75C31 /* Icon@2x.png */ = {isa = PBXFileReference; lastKnownFileType = image.png; name = "Icon@2x.png"; path = "Resources/Images/Icon@2x.png"; sourceTree = "<group>"; };
		7FA567EA13D9481300C75C31 /* iTunesArtwork */ = {isa = PBXFileReference; lastKnownFileType = file; name = iTunesArtwork; path = Resources/Images/iTunesArtwork; sourceTree = "<group>"; };
		7FA567EB13D9481300C75C31 /* LightBackground.png */ = {isa = PBXFileReference; lastKnownFileType = image.png; name = LightBackground.png; path = Resources/Images/LightBackground.png; sourceTree = "<group>"; };
		7FA567EC13D9481300C75C31 /* MathGraph.png */ = {isa = PBXFileReference; lastKnownFileType = image.png; name = MathGraph.png; path = Resources/Images/MathGraph.png; sourceTree = "<group>"; };
		7FA567ED13D9481300C75C31 /* StarsBackground.png */ = {isa = PBXFileReference; lastKnownFileType = image.png; name = StarsBackground.png; path = Resources/Images/StarsBackground.png; sourceTree = "<group>"; };
		7FA567EE13D9481300C75C31 /* StarsForeground.png */ = {isa = PBXFileReference; lastKnownFileType = image.png; name = StarsForeground.png; path = Resources/Images/StarsForeground.png; sourceTree = "<group>"; };
		7FA5680013D9484100C75C31 /* ChatsTableViewCell.xib */ = {isa = PBXFileReference; fileEncoding = 4; lastKnownFileType = file.xib; path = ChatsTableViewCell.xib; sourceTree = "<group>"; };
		7FA5680313D94B6E00C75C31 /* IndividualSubViewBasedMobxCell.h */ = {isa = PBXFileReference; fileEncoding = 4; lastKnownFileType = sourcecode.c.h; path = IndividualSubViewBasedMobxCell.h; sourceTree = "<group>"; };
		7FA5680F13D956C800C75C31 /* ChatsViewTableData.plist */ = {isa = PBXFileReference; fileEncoding = 4; lastKnownFileType = text.plist.xml; path = ChatsViewTableData.plist; sourceTree = "<group>"; };
		7FA5F6E613E931C80054CC17 /* AsyncSocket.h */ = {isa = PBXFileReference; fileEncoding = 4; lastKnownFileType = sourcecode.c.h; name = AsyncSocket.h; path = AsyncSocket/AsyncSocket.h; sourceTree = "<group>"; };
		7FA5F6E713E931C80054CC17 /* AsyncSocket.m */ = {isa = PBXFileReference; fileEncoding = 4; lastKnownFileType = sourcecode.c.objc; name = AsyncSocket.m; path = AsyncSocket/AsyncSocket.m; sourceTree = "<group>"; };
		7FA5F6E813E931C80054CC17 /* GCDAsyncSocket.h */ = {isa = PBXFileReference; fileEncoding = 4; lastKnownFileType = sourcecode.c.h; name = GCDAsyncSocket.h; path = AsyncSocket/GCDAsyncSocket.h; sourceTree = "<group>"; };
		7FA5F6E913E931C80054CC17 /* GCDAsyncSocket.m */ = {isa = PBXFileReference; fileEncoding = 4; lastKnownFileType = sourcecode.c.objc; name = GCDAsyncSocket.m; path = AsyncSocket/GCDAsyncSocket.m; sourceTree = "<group>"; };
		7FA5F6F413EAF7DA0054CC17 /* OtherConstants.h */ = {isa = PBXFileReference; fileEncoding = 4; lastKnownFileType = sourcecode.c.h; path = OtherConstants.h; sourceTree = "<group>"; };
		7FA5F6F713EB35F50054CC17 /* MobxProtocol.h */ = {isa = PBXFileReference; fileEncoding = 4; lastKnownFileType = sourcecode.c.h; name = MobxProtocol.h; path = MobxProtocol/MobxProtocol.h; sourceTree = "<group>"; };
		7FA5F6F813EB35F50054CC17 /* MobxProtocol.m */ = {isa = PBXFileReference; fileEncoding = 4; lastKnownFileType = sourcecode.c.objc; name = MobxProtocol.m; path = MobxProtocol/MobxProtocol.m; sourceTree = "<group>"; };
		7FA5F6FE13EB50880054CC17 /* CreateUserView.xib */ = {isa = PBXFileReference; fileEncoding = 4; lastKnownFileType = file.xib; path = CreateUserView.xib; sourceTree = "<group>"; };
		7FA5F70113EB52EB0054CC17 /* CreateUserViewController.h */ = {isa = PBXFileReference; fileEncoding = 4; lastKnownFileType = sourcecode.c.h; path = CreateUserViewController.h; sourceTree = "<group>"; };
		7FA5F70213EB52EB0054CC17 /* CreateUserViewController.m */ = {isa = PBXFileReference; fileEncoding = 4; lastKnownFileType = sourcecode.c.objc; path = CreateUserViewController.m; sourceTree = "<group>"; };
		7FA5F70413EB86AB0054CC17 /* MobxContext.h */ = {isa = PBXFileReference; fileEncoding = 4; lastKnownFileType = sourcecode.c.h; path = MobxContext.h; sourceTree = "<group>"; };
		7FA5F70513EB86AB0054CC17 /* MobxContext.m */ = {isa = PBXFileReference; fileEncoding = 4; lastKnownFileType = sourcecode.c.objc; path = MobxContext.m; sourceTree = "<group>"; };
		7FA5F70713EB8D7D0054CC17 /* Common.m */ = {isa = PBXFileReference; fileEncoding = 4; lastKnownFileType = sourcecode.c.objc; path = Common.m; sourceTree = "<group>"; };
		7FB231A313DBFF7300CFDB91 /* MessageUI.framework */ = {isa = PBXFileReference; lastKnownFileType = wrapper.framework; name = MessageUI.framework; path = System/Library/Frameworks/MessageUI.framework; sourceTree = SDKROOT; };
		7FB231A513DC028000CFDB91 /* 20-gear2.png */ = {isa = PBXFileReference; lastKnownFileType = image.png; name = "20-gear2.png"; path = "Resources/Images/20-gear2.png"; sourceTree = "<group>"; };
		7FB231A613DC028000CFDB91 /* Icon_gear.png */ = {isa = PBXFileReference; lastKnownFileType = image.png; name = Icon_gear.png; path = Resources/Images/Icon_gear.png; sourceTree = "<group>"; };
		7FB231AE13DC06DD00CFDB91 /* IASKAppSettingsViewController.h */ = {isa = PBXFileReference; fileEncoding = 4; lastKnownFileType = sourcecode.c.h; name = IASKAppSettingsViewController.h; path = InAppSettingsKit/Controllers/IASKAppSettingsViewController.h; sourceTree = SOURCE_ROOT; };
		7FB231AF13DC06DD00CFDB91 /* IASKAppSettingsViewController.m */ = {isa = PBXFileReference; fileEncoding = 4; lastKnownFileType = sourcecode.c.objc; name = IASKAppSettingsViewController.m; path = InAppSettingsKit/Controllers/IASKAppSettingsViewController.m; sourceTree = SOURCE_ROOT; };
		7FB231B013DC06DD00CFDB91 /* IASKAppSettingsWebViewController.h */ = {isa = PBXFileReference; fileEncoding = 4; lastKnownFileType = sourcecode.c.h; name = IASKAppSettingsWebViewController.h; path = InAppSettingsKit/Controllers/IASKAppSettingsWebViewController.h; sourceTree = SOURCE_ROOT; };
		7FB231B113DC06DD00CFDB91 /* IASKAppSettingsWebViewController.m */ = {isa = PBXFileReference; fileEncoding = 4; lastKnownFileType = sourcecode.c.objc; name = IASKAppSettingsWebViewController.m; path = InAppSettingsKit/Controllers/IASKAppSettingsWebViewController.m; sourceTree = SOURCE_ROOT; };
		7FB231B213DC06DD00CFDB91 /* IASKSpecifierValuesViewController.h */ = {isa = PBXFileReference; fileEncoding = 4; lastKnownFileType = sourcecode.c.h; name = IASKSpecifierValuesViewController.h; path = InAppSettingsKit/Controllers/IASKSpecifierValuesViewController.h; sourceTree = SOURCE_ROOT; };
		7FB231B313DC06DD00CFDB91 /* IASKSpecifierValuesViewController.m */ = {isa = PBXFileReference; fileEncoding = 4; lastKnownFileType = sourcecode.c.objc; name = IASKSpecifierValuesViewController.m; path = InAppSettingsKit/Controllers/IASKSpecifierValuesViewController.m; sourceTree = SOURCE_ROOT; };
		7FB231B713DC070F00CFDB91 /* IASKSettingsReader.h */ = {isa = PBXFileReference; fileEncoding = 4; lastKnownFileType = sourcecode.c.h; name = IASKSettingsReader.h; path = InAppSettingsKit/Models/IASKSettingsReader.h; sourceTree = SOURCE_ROOT; };
		7FB231B813DC070F00CFDB91 /* IASKSettingsReader.m */ = {isa = PBXFileReference; fileEncoding = 4; lastKnownFileType = sourcecode.c.objc; name = IASKSettingsReader.m; path = InAppSettingsKit/Models/IASKSettingsReader.m; sourceTree = SOURCE_ROOT; };
		7FB231B913DC070F00CFDB91 /* IASKSettingsStore.h */ = {isa = PBXFileReference; fileEncoding = 4; lastKnownFileType = sourcecode.c.h; name = IASKSettingsStore.h; path = InAppSettingsKit/Models/IASKSettingsStore.h; sourceTree = SOURCE_ROOT; };
		7FB231BA13DC070F00CFDB91 /* IASKSettingsStore.m */ = {isa = PBXFileReference; fileEncoding = 4; lastKnownFileType = sourcecode.c.objc; name = IASKSettingsStore.m; path = InAppSettingsKit/Models/IASKSettingsStore.m; sourceTree = SOURCE_ROOT; };
		7FB231BB13DC070F00CFDB91 /* IASKSettingsStoreFile.h */ = {isa = PBXFileReference; fileEncoding = 4; lastKnownFileType = sourcecode.c.h; name = IASKSettingsStoreFile.h; path = InAppSettingsKit/Models/IASKSettingsStoreFile.h; sourceTree = SOURCE_ROOT; };
		7FB231BC13DC070F00CFDB91 /* IASKSettingsStoreFile.m */ = {isa = PBXFileReference; fileEncoding = 4; lastKnownFileType = sourcecode.c.objc; name = IASKSettingsStoreFile.m; path = InAppSettingsKit/Models/IASKSettingsStoreFile.m; sourceTree = SOURCE_ROOT; };
		7FB231BD13DC070F00CFDB91 /* IASKSettingsStoreUserDefaults.h */ = {isa = PBXFileReference; fileEncoding = 4; lastKnownFileType = sourcecode.c.h; name = IASKSettingsStoreUserDefaults.h; path = InAppSettingsKit/Models/IASKSettingsStoreUserDefaults.h; sourceTree = SOURCE_ROOT; };
		7FB231BE13DC070F00CFDB91 /* IASKSettingsStoreUserDefaults.m */ = {isa = PBXFileReference; fileEncoding = 4; lastKnownFileType = sourcecode.c.objc; name = IASKSettingsStoreUserDefaults.m; path = InAppSettingsKit/Models/IASKSettingsStoreUserDefaults.m; sourceTree = SOURCE_ROOT; };
		7FB231BF13DC070F00CFDB91 /* IASKSpecifier.h */ = {isa = PBXFileReference; fileEncoding = 4; lastKnownFileType = sourcecode.c.h; name = IASKSpecifier.h; path = InAppSettingsKit/Models/IASKSpecifier.h; sourceTree = SOURCE_ROOT; };
		7FB231C013DC070F00CFDB91 /* IASKSpecifier.m */ = {isa = PBXFileReference; fileEncoding = 4; lastKnownFileType = sourcecode.c.objc; name = IASKSpecifier.m; path = InAppSettingsKit/Models/IASKSpecifier.m; sourceTree = SOURCE_ROOT; };
		7FB231C613DC072400CFDB91 /* IASKPSSliderSpecifierViewCell.h */ = {isa = PBXFileReference; fileEncoding = 4; lastKnownFileType = sourcecode.c.h; name = IASKPSSliderSpecifierViewCell.h; path = InAppSettingsKit/Views/IASKPSSliderSpecifierViewCell.h; sourceTree = SOURCE_ROOT; };
		7FB231C713DC072400CFDB91 /* IASKPSSliderSpecifierViewCell.m */ = {isa = PBXFileReference; fileEncoding = 4; lastKnownFileType = sourcecode.c.objc; name = IASKPSSliderSpecifierViewCell.m; path = InAppSettingsKit/Views/IASKPSSliderSpecifierViewCell.m; sourceTree = SOURCE_ROOT; };
		7FB231C813DC072400CFDB91 /* IASKPSTextFieldSpecifierViewCell.h */ = {isa = PBXFileReference; fileEncoding = 4; lastKnownFileType = sourcecode.c.h; name = IASKPSTextFieldSpecifierViewCell.h; path = InAppSettingsKit/Views/IASKPSTextFieldSpecifierViewCell.h; sourceTree = SOURCE_ROOT; };
		7FB231C913DC072400CFDB91 /* IASKPSTextFieldSpecifierViewCell.m */ = {isa = PBXFileReference; fileEncoding = 4; lastKnownFileType = sourcecode.c.objc; name = IASKPSTextFieldSpecifierViewCell.m; path = InAppSettingsKit/Views/IASKPSTextFieldSpecifierViewCell.m; sourceTree = SOURCE_ROOT; };
		7FB231CA13DC072400CFDB91 /* IASKPSTitleValueSpecifierViewCell.h */ = {isa = PBXFileReference; fileEncoding = 4; lastKnownFileType = sourcecode.c.h; name = IASKPSTitleValueSpecifierViewCell.h; path = InAppSettingsKit/Views/IASKPSTitleValueSpecifierViewCell.h; sourceTree = SOURCE_ROOT; };
		7FB231CB13DC072400CFDB91 /* IASKPSTitleValueSpecifierViewCell.m */ = {isa = PBXFileReference; fileEncoding = 4; lastKnownFileType = sourcecode.c.objc; name = IASKPSTitleValueSpecifierViewCell.m; path = InAppSettingsKit/Views/IASKPSTitleValueSpecifierViewCell.m; sourceTree = SOURCE_ROOT; };
		7FB231CC13DC072400CFDB91 /* IASKPSToggleSwitchSpecifierViewCell.h */ = {isa = PBXFileReference; fileEncoding = 4; lastKnownFileType = sourcecode.c.h; name = IASKPSToggleSwitchSpecifierViewCell.h; path = InAppSettingsKit/Views/IASKPSToggleSwitchSpecifierViewCell.h; sourceTree = SOURCE_ROOT; };
		7FB231CD13DC072400CFDB91 /* IASKPSToggleSwitchSpecifierViewCell.m */ = {isa = PBXFileReference; fileEncoding = 4; lastKnownFileType = sourcecode.c.objc; name = IASKPSToggleSwitchSpecifierViewCell.m; path = InAppSettingsKit/Views/IASKPSToggleSwitchSpecifierViewCell.m; sourceTree = SOURCE_ROOT; };
		7FB231CE13DC072400CFDB91 /* IASKSlider.h */ = {isa = PBXFileReference; fileEncoding = 4; lastKnownFileType = sourcecode.c.h; name = IASKSlider.h; path = InAppSettingsKit/Views/IASKSlider.h; sourceTree = SOURCE_ROOT; };
		7FB231CF13DC072400CFDB91 /* IASKSlider.m */ = {isa = PBXFileReference; fileEncoding = 4; lastKnownFileType = sourcecode.c.objc; name = IASKSlider.m; path = InAppSettingsKit/Views/IASKSlider.m; sourceTree = SOURCE_ROOT; };
		7FB231D013DC072400CFDB91 /* IASKSwitch.h */ = {isa = PBXFileReference; fileEncoding = 4; lastKnownFileType = sourcecode.c.h; name = IASKSwitch.h; path = InAppSettingsKit/Views/IASKSwitch.h; sourceTree = SOURCE_ROOT; };
		7FB231D113DC072400CFDB91 /* IASKSwitch.m */ = {isa = PBXFileReference; fileEncoding = 4; lastKnownFileType = sourcecode.c.objc; name = IASKSwitch.m; path = InAppSettingsKit/Views/IASKSwitch.m; sourceTree = SOURCE_ROOT; };
		7FB231D213DC072400CFDB91 /* IASKTextField.h */ = {isa = PBXFileReference; fileEncoding = 4; lastKnownFileType = sourcecode.c.h; name = IASKTextField.h; path = InAppSettingsKit/Views/IASKTextField.h; sourceTree = SOURCE_ROOT; };
		7FB231D313DC072400CFDB91 /* IASKTextField.m */ = {isa = PBXFileReference; fileEncoding = 4; lastKnownFileType = sourcecode.c.objc; name = IASKTextField.m; path = InAppSettingsKit/Views/IASKTextField.m; sourceTree = SOURCE_ROOT; };
		7FB231DB13DC073600CFDB91 /* IASKAppSettingsView.xib */ = {isa = PBXFileReference; fileEncoding = 4; lastKnownFileType = file.xib; name = IASKAppSettingsView.xib; path = InAppSettingsKit/Xibs/IASKAppSettingsView.xib; sourceTree = SOURCE_ROOT; };
		7FB231DC13DC073600CFDB91 /* IASKAppSettingsWebView.xib */ = {isa = PBXFileReference; fileEncoding = 4; lastKnownFileType = file.xib; name = IASKAppSettingsWebView.xib; path = InAppSettingsKit/Xibs/IASKAppSettingsWebView.xib; sourceTree = SOURCE_ROOT; };
		7FB231DD13DC073600CFDB91 /* IASKPSSliderSpecifierViewCell.xib */ = {isa = PBXFileReference; fileEncoding = 4; lastKnownFileType = file.xib; name = IASKPSSliderSpecifierViewCell.xib; path = InAppSettingsKit/Xibs/IASKPSSliderSpecifierViewCell.xib; sourceTree = SOURCE_ROOT; };
		7FB231DE13DC073600CFDB91 /* IASKPSTextFieldSpecifierViewCell.xib */ = {isa = PBXFileReference; fileEncoding = 4; lastKnownFileType = file.xib; name = IASKPSTextFieldSpecifierViewCell.xib; path = InAppSettingsKit/Xibs/IASKPSTextFieldSpecifierViewCell.xib; sourceTree = SOURCE_ROOT; };
		7FB231DF13DC073600CFDB91 /* IASKPSToggleSwitchSpecifierViewCell.xib */ = {isa = PBXFileReference; fileEncoding = 4; lastKnownFileType = file.xib; name = IASKPSToggleSwitchSpecifierViewCell.xib; path = InAppSettingsKit/Xibs/IASKPSToggleSwitchSpecifierViewCell.xib; sourceTree = SOURCE_ROOT; };
		7FB231E013DC073600CFDB91 /* IASKSpecifierValuesView.xib */ = {isa = PBXFileReference; fileEncoding = 4; lastKnownFileType = file.xib; name = IASKSpecifierValuesView.xib; path = InAppSettingsKit/Xibs/IASKSpecifierValuesView.xib; sourceTree = SOURCE_ROOT; };
		7FBDF55213D361C4008627AF /* Mobx.app */ = {isa = PBXFileReference; explicitFileType = wrapper.application; includeInIndex = 0; path = Mobx.app; sourceTree = BUILT_PRODUCTS_DIR; };
		7FBDF55613D361C4008627AF /* UIKit.framework */ = {isa = PBXFileReference; lastKnownFileType = wrapper.framework; name = UIKit.framework; path = System/Library/Frameworks/UIKit.framework; sourceTree = SDKROOT; };
		7FBDF55813D361C4008627AF /* Foundation.framework */ = {isa = PBXFileReference; lastKnownFileType = wrapper.framework; name = Foundation.framework; path = System/Library/Frameworks/Foundation.framework; sourceTree = SDKROOT; };
		7FBDF55A13D361C4008627AF /* CoreGraphics.framework */ = {isa = PBXFileReference; lastKnownFileType = wrapper.framework; name = CoreGraphics.framework; path = System/Library/Frameworks/CoreGraphics.framework; sourceTree = SDKROOT; };
		7FBDF55E13D361C4008627AF /* Mobx-Info.plist */ = {isa = PBXFileReference; lastKnownFileType = text.plist.xml; path = "Mobx-Info.plist"; sourceTree = "<group>"; };
		7FBDF56013D361C4008627AF /* en */ = {isa = PBXFileReference; lastKnownFileType = text.plist.strings; name = en; path = en.lproj/InfoPlist.strings; sourceTree = "<group>"; };
		7FBDF56213D361C4008627AF /* Mobx-Prefix.pch */ = {isa = PBXFileReference; lastKnownFileType = sourcecode.c.h; path = "Mobx-Prefix.pch"; sourceTree = "<group>"; };
		7FBDF56313D361C4008627AF /* main.m */ = {isa = PBXFileReference; lastKnownFileType = sourcecode.c.objc; path = main.m; sourceTree = "<group>"; };
		7FBDF56513D361C4008627AF /* MobxAppDelegate.h */ = {isa = PBXFileReference; lastKnownFileType = sourcecode.c.h; path = MobxAppDelegate.h; sourceTree = "<group>"; };
		7FBDF56613D361C4008627AF /* MobxAppDelegate.m */ = {isa = PBXFileReference; lastKnownFileType = sourcecode.c.objc; path = MobxAppDelegate.m; sourceTree = "<group>"; };
		7FBDF56913D361C4008627AF /* en */ = {isa = PBXFileReference; lastKnownFileType = file.xib; name = en; path = en.lproj/MainWindow.xib; sourceTree = "<group>"; };
		7FBDF56B13D361C4008627AF /* HomeViewController.h */ = {isa = PBXFileReference; lastKnownFileType = sourcecode.c.h; path = HomeViewController.h; sourceTree = "<group>"; };
		7FBDF56C13D361C4008627AF /* HomeViewController.m */ = {isa = PBXFileReference; lastKnownFileType = sourcecode.c.objc; path = HomeViewController.m; sourceTree = "<group>"; };
		7FBDF56E13D361C4008627AF /* SearchViewController.h */ = {isa = PBXFileReference; lastKnownFileType = sourcecode.c.h; path = SearchViewController.h; sourceTree = "<group>"; };
		7FBDF56F13D361C4008627AF /* SearchViewController.m */ = {isa = PBXFileReference; lastKnownFileType = sourcecode.c.objc; path = SearchViewController.m; sourceTree = "<group>"; };
		7FBDF57213D361C4008627AF /* en */ = {isa = PBXFileReference; lastKnownFileType = file.xib; name = en; path = en.lproj/HomeView.xib; sourceTree = "<group>"; };
		7FBDF57513D361C4008627AF /* en */ = {isa = PBXFileReference; lastKnownFileType = file.xib; name = en; path = en.lproj/SearchView.xib; sourceTree = "<group>"; };
		7FBDF57C13D3699E008627AF /* ChatsView.xib */ = {isa = PBXFileReference; fileEncoding = 4; lastKnownFileType = file.xib; path = ChatsView.xib; sourceTree = "<group>"; };
		7FBDF57E13D369AB008627AF /* SettingsView.xib */ = {isa = PBXFileReference; fileEncoding = 4; lastKnownFileType = file.xib; name = SettingsView.xib; path = Mobx.xcodeproj/SettingsView.xib; sourceTree = SOURCE_ROOT; };
		7FBDF58C13D36AB0008627AF /* SettingsViewController.h */ = {isa = PBXFileReference; fileEncoding = 4; lastKnownFileType = sourcecode.c.h; name = SettingsViewController.h; path = Mobx.xcodeproj/SettingsViewController.h; sourceTree = SOURCE_ROOT; };
		7FBDF58D13D36AB0008627AF /* SettingsViewController.m */ = {isa = PBXFileReference; fileEncoding = 4; lastKnownFileType = sourcecode.c.objc; name = SettingsViewController.m; path = Mobx.xcodeproj/SettingsViewController.m; sourceTree = SOURCE_ROOT; };
		7FBDF59213D37EAF008627AF /* ChatsViewController.h */ = {isa = PBXFileReference; fileEncoding = 4; lastKnownFileType = sourcecode.c.h; path = ChatsViewController.h; sourceTree = "<group>"; };
		7FBDF59313D37EAF008627AF /* ChatsViewController.m */ = {isa = PBXFileReference; fileEncoding = 4; lastKnownFileType = sourcecode.c.objc; path = ChatsViewController.m; sourceTree = "<group>"; };
		7FBDF59513D38102008627AF /* weicheng.jpg */ = {isa = PBXFileReference; lastKnownFileType = image.jpeg; name = weicheng.jpg; path = Resources/weicheng.jpg; sourceTree = "<group>"; };
		7FCA716513EE460000E90912 /* SBJson.xcodeproj */ = {isa = PBXFileReference; lastKnownFileType = "wrapper.pb-project"; name = SBJson.xcodeproj; path = "json-framework/SBJson.xcodeproj"; sourceTree = "<group>"; };
		7FCA717A13EE469E00E90912 /* JsonClassFactory.h */ = {isa = PBXFileReference; fileEncoding = 4; lastKnownFileType = sourcecode.c.h; path = JsonClassFactory.h; sourceTree = "<group>"; };
		7FCA717B13EE469E00E90912 /* JsonClassFactory.m */ = {isa = PBXFileReference; fileEncoding = 4; lastKnownFileType = sourcecode.c.objc; path = JsonClassFactory.m; sourceTree = "<group>"; };
		7FCA717D13EE47EC00E90912 /* User.h */ = {isa = PBXFileReference; fileEncoding = 4; lastKnownFileType = sourcecode.c.h; name = User.h; path = DataModel/User.h; sourceTree = "<group>"; };
		7FCA717E13EE47EC00E90912 /* User.m */ = {isa = PBXFileReference; fileEncoding = 4; lastKnownFileType = sourcecode.c.objc; name = User.m; path = DataModel/User.m; sourceTree = "<group>"; };
		7FD0DD1513EE06620062EECD /* OverlayViewController.h */ = {isa = PBXFileReference; fileEncoding = 4; lastKnownFileType = sourcecode.c.h; path = OverlayViewController.h; sourceTree = "<group>"; };
		7FD0DD1613EE06620062EECD /* OverlayViewController.m */ = {isa = PBXFileReference; fileEncoding = 4; lastKnownFileType = sourcecode.c.objc; path = OverlayViewController.m; sourceTree = "<group>"; };
		7FD0DD1813EE06C40062EECD /* OverlayViewController.xib */ = {isa = PBXFileReference; fileEncoding = 4; lastKnownFileType = file.xib; path = OverlayViewController.xib; sourceTree = "<group>"; };
		7FD0DD1B13EE0B610062EECD /* AudioToolbox.framework */ = {isa = PBXFileReference; lastKnownFileType = wrapper.framework; name = AudioToolbox.framework; path = System/Library/Frameworks/AudioToolbox.framework; sourceTree = SDKROOT; };
		7FD0DD1D13EE15660062EECD /* tick.aiff */ = {isa = PBXFileReference; lastKnownFileType = audio.aiff; path = tick.aiff; sourceTree = "<group>"; };
		7FEAAEF113EBCCAB00127350 /* AddressBook.framework */ = {isa = PBXFileReference; lastKnownFileType = wrapper.framework; name = AddressBook.framework; path = System/Library/Frameworks/AddressBook.framework; sourceTree = SDKROOT; };
		7FEAAEF313EBCD0A00127350 /* MobxLocationController.h */ = {isa = PBXFileReference; fileEncoding = 4; lastKnownFileType = sourcecode.c.h; path = MobxLocationController.h; sourceTree = "<group>"; };
		7FEAAEF413EBCD0A00127350 /* MobxLocationController.m */ = {isa = PBXFileReference; fileEncoding = 4; lastKnownFileType = sourcecode.c.objc; path = MobxLocationController.m; sourceTree = "<group>"; };
/* End PBXFileReference section */

/* Begin PBXFrameworksBuildPhase section */
		7FBDF54F13D361C4008627AF /* Frameworks */ = {
			isa = PBXFrameworksBuildPhase;
			buildActionMask = 2147483647;
			files = (
				7FD0DD1C13EE0B620062EECD /* AudioToolbox.framework in Frameworks */,
				7FEAAEF213EBCCAB00127350 /* AddressBook.framework in Frameworks */,
				7FA3A4E113EBAD750030AFA6 /* CoreLocation.framework in Frameworks */,
				7FA3A4DF13EBAD700030AFA6 /* MapKit.framework in Frameworks */,
				7F94F7C713E91CD300884508 /* CFNetwork.framework in Frameworks */,
				7F23398213DD42EE0092F4AA /* CoreData.framework in Frameworks */,
				7FB231A413DBFF7300CFDB91 /* MessageUI.framework in Frameworks */,
				7FBDF55713D361C4008627AF /* UIKit.framework in Frameworks */,
				7FBDF55913D361C4008627AF /* Foundation.framework in Frameworks */,
				7FBDF55B13D361C4008627AF /* CoreGraphics.framework in Frameworks */,
			);
			runOnlyForDeploymentPostprocessing = 0;
		};
/* End PBXFrameworksBuildPhase section */

/* Begin PBXGroup section */
		7F09090013D5324700AEB66A /* Search View */ = {
			isa = PBXGroup;
			children = (
				7FBDF56E13D361C4008627AF /* SearchViewController.h */,
				7FBDF56F13D361C4008627AF /* SearchViewController.m */,
				7F2C6BB513D6B070009A77EE /* SearchTableViewController.h */,
				7F2C6BB613D6B070009A77EE /* SearchTableViewController.m */,
			);
			name = "Search View";
			sourceTree = "<group>";
		};
		7F09092513D5591D00AEB66A /* Common */ = {
			isa = PBXGroup;
			children = (
				7F23394713DC96630092F4AA /* MobxUIConstants.h */,
				7F09092213D5586100AEB66A /* MobxRecord.h */,
				7F09092313D5586100AEB66A /* MobxRecord.m */,
				7FA567A513D939D100C75C31 /* MobxCell.h */,
				7FA567A613D939D100C75C31 /* MobxCell.m */,
				7FA5680313D94B6E00C75C31 /* IndividualSubViewBasedMobxCell.h */,
				7FA567DB13D9475100C75C31 /* IndividualSubViewBasedMobxCell.m */,
				7F23393E13DC87760092F4AA /* CompositeSubviewBasedMobxCell.h */,
				7F23393F13DC87770092F4AA /* CompositeSubviewBasedMobxCell.m */,
				7FA5F6F413EAF7DA0054CC17 /* OtherConstants.h */,
				7FA5F70413EB86AB0054CC17 /* MobxContext.h */,
				7FA5F70513EB86AB0054CC17 /* MobxContext.m */,
				7FA5F70713EB8D7D0054CC17 /* Common.m */,
				7FEAAEF313EBCD0A00127350 /* MobxLocationController.h */,
				7FEAAEF413EBCD0A00127350 /* MobxLocationController.m */,
				7F0DFBF913F0D90100BF61A0 /* UIImage+fixOrientation.h */,
				7F0DFBFA13F0D90100BF61A0 /* UIImage+fixOrientation.m */,
			);
			name = Common;
			sourceTree = "<group>";
		};
		7F23394813DCB2250092F4AA /* Property List */ = {
			isa = PBXGroup;
			children = (
				7FA5680F13D956C800C75C31 /* ChatsViewTableData.plist */,
				7F23394213DC91990092F4AA /* CategoryList.plist */,
			);
			name = "Property List";
			sourceTree = "<group>";
		};
		7F23394913DCBDD60092F4AA /* Data Models */ = {
			isa = PBXGroup;
			children = (
				7F23397E13DD42450092F4AA /* MobxModel.xcdatamodeld */,
				7FCA717A13EE469E00E90912 /* JsonClassFactory.h */,
				7FCA717B13EE469E00E90912 /* JsonClassFactory.m */,
				7FCA717D13EE47EC00E90912 /* User.h */,
				7FCA717E13EE47EC00E90912 /* User.m */,
			);
			name = "Data Models";
			sourceTree = "<group>";
		};
		7F52ACAE13D3B8A700686761 /* Home View */ = {
			isa = PBXGroup;
			children = (
				7FBDF56B13D361C4008627AF /* HomeViewController.h */,
				7FBDF56C13D361C4008627AF /* HomeViewController.m */,
				7F52ACBC13D3BE5E00686761 /* CategoryListViewHandler.h */,
				7F52ACBD13D3BE5E00686761 /* CategoryListViewHandler.m */,
			);
			name = "Home View";
			sourceTree = "<group>";
		};
		7F8C41E113DA91EA007297E4 /* Settings View */ = {
			isa = PBXGroup;
			children = (
				7FBDF58C13D36AB0008627AF /* SettingsViewController.h */,
				7FBDF58D13D36AB0008627AF /* SettingsViewController.m */,
				7F8C41E613DA967F007297E4 /* AllConfigsViewController.h */,
				7F8C41E713DA967F007297E4 /* AllConfigsViewController.m */,
			);
			name = "Settings View";
			sourceTree = "<group>";
		};
		7F94F7C113E91C9F00884508 /* AsyncSocket */ = {
			isa = PBXGroup;
			children = (
				7FA5F6E613E931C80054CC17 /* AsyncSocket.h */,
				7FA5F6E713E931C80054CC17 /* AsyncSocket.m */,
				7FA5F6E813E931C80054CC17 /* GCDAsyncSocket.h */,
				7FA5F6E913E931C80054CC17 /* GCDAsyncSocket.m */,
			);
			name = AsyncSocket;
			sourceTree = "<group>";
		};
		7F94F7C813E91F7000884508 /* Logging */ = {
			isa = PBXGroup;
			children = (
				7F94F7C913E91F7F00884508 /* DDAbstractDatabaseLogger.h */,
				7F94F7CA13E91F7F00884508 /* DDAbstractDatabaseLogger.m */,
				7F94F7CB13E91F7F00884508 /* DDASLLogger.h */,
				7F94F7CC13E91F7F00884508 /* DDASLLogger.m */,
				7F94F7CD13E91F7F00884508 /* DDFileLogger.h */,
				7F94F7CE13E91F7F00884508 /* DDFileLogger.m */,
				7F94F7CF13E91F7F00884508 /* DDLog.h */,
				7F94F7D013E91F7F00884508 /* DDLog.m */,
				7F94F7D113E91F7F00884508 /* DDTTYLogger.h */,
				7F94F7D213E91F7F00884508 /* DDTTYLogger.m */,
			);
			name = Logging;
			sourceTree = "<group>";
		};
		7FA5679B13D9396100C75C31 /* Chats View */ = {
			isa = PBXGroup;
			children = (
				7FBDF59213D37EAF008627AF /* ChatsViewController.h */,
				7FBDF59313D37EAF008627AF /* ChatsViewController.m */,
				7FA567D713D9415200C75C31 /* ChatsTableViewController.h */,
				7FA567D813D9415200C75C31 /* ChatsTableViewController.m */,
			);
			name = "Chats View";
			sourceTree = "<group>";
		};
		7FA567DD13D947B600C75C31 /* Images */ = {
			isa = PBXGroup;
			children = (
				7FB231A513DC028000CFDB91 /* 20-gear2.png */,
				7FB231A613DC028000CFDB91 /* Icon_gear.png */,
				7FA567DE13D9481300C75C31 /* Baseball.png */,
				7FA567DF13D9481300C75C31 /* Blocks.png */,
				7FA567E013D9481300C75C31 /* Checkers.png */,
				7FA567E113D9481300C75C31 /* DarkBackground.png */,
				7FA567E213D9481300C75C31 /* Dinner.png */,
				7FA567E313D9481300C75C31 /* Football.png */,
				7FA567E413D9481300C75C31 /* Icon-72.png */,
				7FA567E513D9481300C75C31 /* Icon-Small-50.png */,
				7FA567E613D9481300C75C31 /* Icon-Small.png */,
				7FA567E713D9481300C75C31 /* Icon-Small@2x.png */,
				7FA567E813D9481300C75C31 /* Icon.png */,
				7FA567E913D9481300C75C31 /* Icon@2x.png */,
				7FA567EA13D9481300C75C31 /* iTunesArtwork */,
				7FA567EB13D9481300C75C31 /* LightBackground.png */,
				7FA567EC13D9481300C75C31 /* MathGraph.png */,
				7FA567ED13D9481300C75C31 /* StarsBackground.png */,
				7FA567EE13D9481300C75C31 /* StarsForeground.png */,
			);
			name = Images;
			sourceTree = "<group>";
		};
		7FA5680213D948EB00C75C31 /* Xib View files */ = {
			isa = PBXGroup;
			children = (
				7FD0DD1A13EE07810062EECD /* Setup */,
				7FBDF56813D361C4008627AF /* MainWindow.xib */,
				7FBDF57113D361C4008627AF /* HomeView.xib */,
				7FBDF57413D361C4008627AF /* SearchView.xib */,
				7FBDF57C13D3699E008627AF /* ChatsView.xib */,
				7FBDF57E13D369AB008627AF /* SettingsView.xib */,
				7FA5680013D9484100C75C31 /* ChatsTableViewCell.xib */,
			);
			name = "Xib View files";
			sourceTree = "<group>";
		};
		7FA5F6F613EB35880054CC17 /* MobxProtocol */ = {
			isa = PBXGroup;
			children = (
				7FA5F6F713EB35F50054CC17 /* MobxProtocol.h */,
				7FA5F6F813EB35F50054CC17 /* MobxProtocol.m */,
			);
			name = MobxProtocol;
			sourceTree = "<group>";
		};
		7FA5F70013EB51050054CC17 /* Setup */ = {
			isa = PBXGroup;
			children = (
				7FD0DD1513EE06620062EECD /* OverlayViewController.h */,
				7FD0DD1613EE06620062EECD /* OverlayViewController.m */,
				7FA5F70113EB52EB0054CC17 /* CreateUserViewController.h */,
				7FA5F70213EB52EB0054CC17 /* CreateUserViewController.m */,
			);
			name = Setup;
			sourceTree = "<group>";
		};
		7FB2316513DBFE5000CFDB91 /* InAppSettingsKit */ = {
			isa = PBXGroup;
			children = (
				7FB2316613DBFE5000CFDB91 /* Controllers */,
				7FB2316D13DBFE5000CFDB91 /* Models */,
				7FB2317813DBFE5000CFDB91 /* Views */,
				7FB2318713DBFE5000CFDB91 /* Xibs */,
			);
			path = InAppSettingsKit;
			sourceTree = "<group>";
		};
		7FB2316613DBFE5000CFDB91 /* Controllers */ = {
			isa = PBXGroup;
			children = (
				7FB231AE13DC06DD00CFDB91 /* IASKAppSettingsViewController.h */,
				7FB231AF13DC06DD00CFDB91 /* IASKAppSettingsViewController.m */,
				7FB231B013DC06DD00CFDB91 /* IASKAppSettingsWebViewController.h */,
				7FB231B113DC06DD00CFDB91 /* IASKAppSettingsWebViewController.m */,
				7FB231B213DC06DD00CFDB91 /* IASKSpecifierValuesViewController.h */,
				7FB231B313DC06DD00CFDB91 /* IASKSpecifierValuesViewController.m */,
			);
			path = Controllers;
			sourceTree = "<group>";
		};
		7FB2316D13DBFE5000CFDB91 /* Models */ = {
			isa = PBXGroup;
			children = (
				7FB231B713DC070F00CFDB91 /* IASKSettingsReader.h */,
				7FB231B813DC070F00CFDB91 /* IASKSettingsReader.m */,
				7FB231B913DC070F00CFDB91 /* IASKSettingsStore.h */,
				7FB231BA13DC070F00CFDB91 /* IASKSettingsStore.m */,
				7FB231BB13DC070F00CFDB91 /* IASKSettingsStoreFile.h */,
				7FB231BC13DC070F00CFDB91 /* IASKSettingsStoreFile.m */,
				7FB231BD13DC070F00CFDB91 /* IASKSettingsStoreUserDefaults.h */,
				7FB231BE13DC070F00CFDB91 /* IASKSettingsStoreUserDefaults.m */,
				7FB231BF13DC070F00CFDB91 /* IASKSpecifier.h */,
				7FB231C013DC070F00CFDB91 /* IASKSpecifier.m */,
			);
			path = Models;
			sourceTree = "<group>";
		};
		7FB2317813DBFE5000CFDB91 /* Views */ = {
			isa = PBXGroup;
			children = (
				7FB231C613DC072400CFDB91 /* IASKPSSliderSpecifierViewCell.h */,
				7FB231C713DC072400CFDB91 /* IASKPSSliderSpecifierViewCell.m */,
				7FB231C813DC072400CFDB91 /* IASKPSTextFieldSpecifierViewCell.h */,
				7FB231C913DC072400CFDB91 /* IASKPSTextFieldSpecifierViewCell.m */,
				7FB231CA13DC072400CFDB91 /* IASKPSTitleValueSpecifierViewCell.h */,
				7FB231CB13DC072400CFDB91 /* IASKPSTitleValueSpecifierViewCell.m */,
				7FB231CC13DC072400CFDB91 /* IASKPSToggleSwitchSpecifierViewCell.h */,
				7FB231CD13DC072400CFDB91 /* IASKPSToggleSwitchSpecifierViewCell.m */,
				7FB231CE13DC072400CFDB91 /* IASKSlider.h */,
				7FB231CF13DC072400CFDB91 /* IASKSlider.m */,
				7FB231D013DC072400CFDB91 /* IASKSwitch.h */,
				7FB231D113DC072400CFDB91 /* IASKSwitch.m */,
				7FB231D213DC072400CFDB91 /* IASKTextField.h */,
				7FB231D313DC072400CFDB91 /* IASKTextField.m */,
			);
			path = Views;
			sourceTree = "<group>";
		};
		7FB2318713DBFE5000CFDB91 /* Xibs */ = {
			isa = PBXGroup;
			children = (
				7FB231DB13DC073600CFDB91 /* IASKAppSettingsView.xib */,
				7FB231DC13DC073600CFDB91 /* IASKAppSettingsWebView.xib */,
				7FB231DD13DC073600CFDB91 /* IASKPSSliderSpecifierViewCell.xib */,
				7FB231DE13DC073600CFDB91 /* IASKPSTextFieldSpecifierViewCell.xib */,
				7FB231DF13DC073600CFDB91 /* IASKPSToggleSwitchSpecifierViewCell.xib */,
				7FB231E013DC073600CFDB91 /* IASKSpecifierValuesView.xib */,
			);
			path = Xibs;
			sourceTree = "<group>";
		};
		7FBDF54713D361C4008627AF = {
			isa = PBXGroup;
			children = (
				7FCA716513EE460000E90912 /* SBJson.xcodeproj */,
				7FBDF55C13D361C4008627AF /* Mobx */,
				7FBDF55513D361C4008627AF /* Frameworks */,
				7FBDF55313D361C4008627AF /* Products */,
			);
			sourceTree = "<group>";
		};
		7FBDF55313D361C4008627AF /* Products */ = {
			isa = PBXGroup;
			children = (
				7FBDF55213D361C4008627AF /* Mobx.app */,
			);
			name = Products;
			sourceTree = "<group>";
		};
		7FBDF55513D361C4008627AF /* Frameworks */ = {
			isa = PBXGroup;
			children = (
				7FD0DD1B13EE0B610062EECD /* AudioToolbox.framework */,
				7FEAAEF113EBCCAB00127350 /* AddressBook.framework */,
				7FA3A4E013EBAD750030AFA6 /* CoreLocation.framework */,
				7FA3A4DE13EBAD700030AFA6 /* MapKit.framework */,
				7F94F7C613E91CD300884508 /* CFNetwork.framework */,
				7F23398113DD42EE0092F4AA /* CoreData.framework */,
				7FB231A313DBFF7300CFDB91 /* MessageUI.framework */,
				7FBDF55613D361C4008627AF /* UIKit.framework */,
				7FBDF55813D361C4008627AF /* Foundation.framework */,
				7FBDF55A13D361C4008627AF /* CoreGraphics.framework */,
			);
			name = Frameworks;
			sourceTree = "<group>";
		};
		7FBDF55C13D361C4008627AF /* Mobx */ = {
			isa = PBXGroup;
			children = (
				7FA5F6F613EB35880054CC17 /* MobxProtocol */,
				7F94F7C813E91F7000884508 /* Logging */,
				7F94F7C113E91C9F00884508 /* AsyncSocket */,
				7F23394913DCBDD60092F4AA /* Data Models */,
				7FB2316513DBFE5000CFDB91 /* InAppSettingsKit */,
				7F09092513D5591D00AEB66A /* Common */,
				7F52ACAE13D3B8A700686761 /* Home View */,
				7F09090013D5324700AEB66A /* Search View */,
				7FA5679B13D9396100C75C31 /* Chats View */,
				7F8C41E113DA91EA007297E4 /* Settings View */,
				7FA5F70013EB51050054CC17 /* Setup */,
				7FBDF58813D36A35008627AF /* Resources */,
				7FBDF56513D361C4008627AF /* MobxAppDelegate.h */,
				7FBDF56613D361C4008627AF /* MobxAppDelegate.m */,
				7F23398313DD472F0092F4AA /* MobxRootTabBarController.h */,
				7F23398413DD47300092F4AA /* MobxRootTabBarController.m */,
				7FBDF55D13D361C4008627AF /* Supporting Files */,
			);
			path = Mobx;
			sourceTree = "<group>";
		};
		7FBDF55D13D361C4008627AF /* Supporting Files */ = {
			isa = PBXGroup;
			children = (
				7FBDF55E13D361C4008627AF /* Mobx-Info.plist */,
				7FBDF55F13D361C4008627AF /* InfoPlist.strings */,
				7FBDF56213D361C4008627AF /* Mobx-Prefix.pch */,
				7FBDF56313D361C4008627AF /* main.m */,
			);
			name = "Supporting Files";
			sourceTree = "<group>";
		};
		7FBDF58813D36A35008627AF /* Resources */ = {
			isa = PBXGroup;
			children = (
				7FD0DD1D13EE15660062EECD /* tick.aiff */,
				7F23394813DCB2250092F4AA /* Property List */,
				7FA5680213D948EB00C75C31 /* Xib View files */,
				7FA567DD13D947B600C75C31 /* Images */,
				7FBDF59513D38102008627AF /* weicheng.jpg */,
				7F64B0CA13DA8FD5009F6B18 /* Settings.bundle */,
			);
			name = Resources;
			sourceTree = "<group>";
		};
		7FCA716613EE460000E90912 /* Products */ = {
			isa = PBXGroup;
			children = (
				7FCA717013EE460100E90912 /* SBJson.framework */,
				7FCA717213EE460100E90912 /* SBJsonTests.octest */,
				7FCA717413EE460100E90912 /* libsbjson-ios.a */,
				7FCA717613EE460100E90912 /* sbjson-iosTests.octest */,
			);
			name = Products;
			sourceTree = "<group>";
		};
		7FD0DD1A13EE07810062EECD /* Setup */ = {
			isa = PBXGroup;
			children = (
				7FD0DD1813EE06C40062EECD /* OverlayViewController.xib */,
				7FA5F6FE13EB50880054CC17 /* CreateUserView.xib */,
			);
			name = Setup;
			sourceTree = "<group>";
		};
/* End PBXGroup section */

/* Begin PBXNativeTarget section */
		7FBDF55113D361C4008627AF /* Mobx */ = {
			isa = PBXNativeTarget;
			buildConfigurationList = 7FBDF57913D361C5008627AF /* Build configuration list for PBXNativeTarget "Mobx" */;
			buildPhases = (
				7FBDF54E13D361C4008627AF /* Sources */,
				7FBDF54F13D361C4008627AF /* Frameworks */,
				7FBDF55013D361C4008627AF /* Resources */,
			);
			buildRules = (
			);
			dependencies = (
				7FCA717913EE461300E90912 /* PBXTargetDependency */,
			);
			name = Mobx;
			productName = Mobx;
			productReference = 7FBDF55213D361C4008627AF /* Mobx.app */;
			productType = "com.apple.product-type.application";
		};
/* End PBXNativeTarget section */

/* Begin PBXProject section */
		7FBDF54913D361C4008627AF /* Project object */ = {
			isa = PBXProject;
			attributes = {
				ORGANIZATIONNAME = Mobx;
			};
			buildConfigurationList = 7FBDF54C13D361C4008627AF /* Build configuration list for PBXProject "Mobx" */;
			compatibilityVersion = "Xcode 3.2";
			developmentRegion = English;
			hasScannedForEncodings = 0;
			knownRegions = (
				en,
			);
			mainGroup = 7FBDF54713D361C4008627AF;
			productRefGroup = 7FBDF55313D361C4008627AF /* Products */;
			projectDirPath = "";
			projectReferences = (
				{
					ProductGroup = 7FCA716613EE460000E90912 /* Products */;
					ProjectRef = 7FCA716513EE460000E90912 /* SBJson.xcodeproj */;
				},
			);
			projectRoot = "";
			targets = (
				7FBDF55113D361C4008627AF /* Mobx */,
			);
		};
/* End PBXProject section */

/* Begin PBXReferenceProxy section */
		7FCA717013EE460100E90912 /* SBJson.framework */ = {
			isa = PBXReferenceProxy;
			fileType = wrapper.framework;
			path = SBJson.framework;
			remoteRef = 7FCA716F13EE460100E90912 /* PBXContainerItemProxy */;
			sourceTree = BUILT_PRODUCTS_DIR;
		};
		7FCA717213EE460100E90912 /* SBJsonTests.octest */ = {
			isa = PBXReferenceProxy;
			fileType = wrapper.cfbundle;
			path = SBJsonTests.octest;
			remoteRef = 7FCA717113EE460100E90912 /* PBXContainerItemProxy */;
			sourceTree = BUILT_PRODUCTS_DIR;
		};
		7FCA717413EE460100E90912 /* libsbjson-ios.a */ = {
			isa = PBXReferenceProxy;
			fileType = archive.ar;
			path = "libsbjson-ios.a";
			remoteRef = 7FCA717313EE460100E90912 /* PBXContainerItemProxy */;
			sourceTree = BUILT_PRODUCTS_DIR;
		};
		7FCA717613EE460100E90912 /* sbjson-iosTests.octest */ = {
			isa = PBXReferenceProxy;
			fileType = wrapper.cfbundle;
			path = "sbjson-iosTests.octest";
			remoteRef = 7FCA717513EE460100E90912 /* PBXContainerItemProxy */;
			sourceTree = BUILT_PRODUCTS_DIR;
		};
/* End PBXReferenceProxy section */

/* Begin PBXResourcesBuildPhase section */
		7FBDF55013D361C4008627AF /* Resources */ = {
			isa = PBXResourcesBuildPhase;
			buildActionMask = 2147483647;
			files = (
				7FBDF56113D361C4008627AF /* InfoPlist.strings in Resources */,
				7FBDF56A13D361C4008627AF /* MainWindow.xib in Resources */,
				7FBDF57313D361C4008627AF /* HomeView.xib in Resources */,
				7FBDF57613D361C4008627AF /* SearchView.xib in Resources */,
				7FBDF57D13D3699E008627AF /* ChatsView.xib in Resources */,
				7FBDF57F13D369AB008627AF /* SettingsView.xib in Resources */,
				7FBDF59613D38102008627AF /* weicheng.jpg in Resources */,
				7FA567EF13D9481300C75C31 /* Baseball.png in Resources */,
				7FA567F013D9481300C75C31 /* Blocks.png in Resources */,
				7FA567F113D9481300C75C31 /* Checkers.png in Resources */,
				7FA567F213D9481300C75C31 /* DarkBackground.png in Resources */,
				7FA567F313D9481300C75C31 /* Dinner.png in Resources */,
				7FA567F413D9481300C75C31 /* Football.png in Resources */,
				7FA567F513D9481300C75C31 /* Icon-72.png in Resources */,
				7FA567F613D9481300C75C31 /* Icon-Small-50.png in Resources */,
				7FA567F713D9481300C75C31 /* Icon-Small.png in Resources */,
				7FA567F813D9481300C75C31 /* Icon-Small@2x.png in Resources */,
				7FA567F913D9481300C75C31 /* Icon.png in Resources */,
				7FA567FA13D9481300C75C31 /* Icon@2x.png in Resources */,
				7FA567FB13D9481300C75C31 /* iTunesArtwork in Resources */,
				7FA567FC13D9481300C75C31 /* LightBackground.png in Resources */,
				7FA567FD13D9481300C75C31 /* MathGraph.png in Resources */,
				7FA567FE13D9481300C75C31 /* StarsBackground.png in Resources */,
				7FA567FF13D9481300C75C31 /* StarsForeground.png in Resources */,
				7FA5680113D9484100C75C31 /* ChatsTableViewCell.xib in Resources */,
				7FA5681013D956C800C75C31 /* ChatsViewTableData.plist in Resources */,
				7F64B0CB13DA8FD5009F6B18 /* Settings.bundle in Resources */,
				7FB231A713DC028000CFDB91 /* 20-gear2.png in Resources */,
				7FB231A813DC028000CFDB91 /* Icon_gear.png in Resources */,
				7FB231E113DC073600CFDB91 /* IASKAppSettingsView.xib in Resources */,
				7FB231E213DC073600CFDB91 /* IASKAppSettingsWebView.xib in Resources */,
				7FB231E313DC073600CFDB91 /* IASKPSSliderSpecifierViewCell.xib in Resources */,
				7FB231E413DC073600CFDB91 /* IASKPSTextFieldSpecifierViewCell.xib in Resources */,
				7FB231E513DC073600CFDB91 /* IASKPSToggleSwitchSpecifierViewCell.xib in Resources */,
				7FB231E613DC073600CFDB91 /* IASKSpecifierValuesView.xib in Resources */,
				7F23394313DC91990092F4AA /* CategoryList.plist in Resources */,
				7FA5F6FF13EB50880054CC17 /* CreateUserView.xib in Resources */,
				7FD0DD1913EE06C40062EECD /* OverlayViewController.xib in Resources */,
				7FD0DD1E13EE15660062EECD /* tick.aiff in Resources */,
			);
			runOnlyForDeploymentPostprocessing = 0;
		};
/* End PBXResourcesBuildPhase section */

/* Begin PBXSourcesBuildPhase section */
		7FBDF54E13D361C4008627AF /* Sources */ = {
			isa = PBXSourcesBuildPhase;
			buildActionMask = 2147483647;
			files = (
				7FBDF56413D361C4008627AF /* main.m in Sources */,
				7FBDF56713D361C4008627AF /* MobxAppDelegate.m in Sources */,
				7FBDF56D13D361C4008627AF /* HomeViewController.m in Sources */,
				7FBDF57013D361C4008627AF /* SearchViewController.m in Sources */,
				7FBDF58E13D36AB0008627AF /* SettingsViewController.m in Sources */,
				7FBDF59413D37EB0008627AF /* ChatsViewController.m in Sources */,
				7F52ACBE13D3BE5E00686761 /* CategoryListViewHandler.m in Sources */,
				7F09092413D5586100AEB66A /* MobxRecord.m in Sources */,
				7F2C6BB713D6B070009A77EE /* SearchTableViewController.m in Sources */,
				7FA567A713D939D100C75C31 /* MobxCell.m in Sources */,
				7FA567D913D9415200C75C31 /* ChatsTableViewController.m in Sources */,
				7FA567DC13D9475100C75C31 /* IndividualSubViewBasedMobxCell.m in Sources */,
				7F8C41E813DA967F007297E4 /* AllConfigsViewController.m in Sources */,
				7FB231B413DC06DD00CFDB91 /* IASKAppSettingsViewController.m in Sources */,
				7FB231B513DC06DD00CFDB91 /* IASKAppSettingsWebViewController.m in Sources */,
				7FB231B613DC06DD00CFDB91 /* IASKSpecifierValuesViewController.m in Sources */,
				7FB231C113DC070F00CFDB91 /* IASKSettingsReader.m in Sources */,
				7FB231C213DC070F00CFDB91 /* IASKSettingsStore.m in Sources */,
				7FB231C313DC070F00CFDB91 /* IASKSettingsStoreFile.m in Sources */,
				7FB231C413DC070F00CFDB91 /* IASKSettingsStoreUserDefaults.m in Sources */,
				7FB231C513DC070F00CFDB91 /* IASKSpecifier.m in Sources */,
				7FB231D413DC072400CFDB91 /* IASKPSSliderSpecifierViewCell.m in Sources */,
				7FB231D513DC072400CFDB91 /* IASKPSTextFieldSpecifierViewCell.m in Sources */,
				7FB231D613DC072400CFDB91 /* IASKPSTitleValueSpecifierViewCell.m in Sources */,
				7FB231D713DC072400CFDB91 /* IASKPSToggleSwitchSpecifierViewCell.m in Sources */,
				7FB231D813DC072400CFDB91 /* IASKSlider.m in Sources */,
				7FB231D913DC072400CFDB91 /* IASKSwitch.m in Sources */,
				7FB231DA13DC072400CFDB91 /* IASKTextField.m in Sources */,
				7F23394013DC87770092F4AA /* CompositeSubviewBasedMobxCell.m in Sources */,
				7F23398013DD42450092F4AA /* MobxModel.xcdatamodeld in Sources */,
				7F23398513DD47300092F4AA /* MobxRootTabBarController.m in Sources */,
				7F94F7D313E91F7F00884508 /* DDAbstractDatabaseLogger.m in Sources */,
				7F94F7D413E91F7F00884508 /* DDASLLogger.m in Sources */,
				7F94F7D513E91F7F00884508 /* DDFileLogger.m in Sources */,
				7F94F7D613E91F7F00884508 /* DDLog.m in Sources */,
				7F94F7D713E91F7F00884508 /* DDTTYLogger.m in Sources */,
				7FA5F6EA13E931C80054CC17 /* AsyncSocket.m in Sources */,
				7FA5F6EB13E931C80054CC17 /* GCDAsyncSocket.m in Sources */,
				7FA5F6F913EB35F50054CC17 /* MobxProtocol.m in Sources */,
				7FA5F70313EB52EB0054CC17 /* CreateUserViewController.m in Sources */,
				7FA5F70613EB86AB0054CC17 /* MobxContext.m in Sources */,
				7FA5F70813EB8D7D0054CC17 /* Common.m in Sources */,
				7FEAAEF513EBCD0A00127350 /* MobxLocationController.m in Sources */,
				7FD0DD1713EE06620062EECD /* OverlayViewController.m in Sources */,
				7FCA717C13EE469E00E90912 /* JsonClassFactory.m in Sources */,
				7FCA717F13EE47EC00E90912 /* User.m in Sources */,
				7F0DFBFB13F0D90200BF61A0 /* UIImage+fixOrientation.m in Sources */,
			);
			runOnlyForDeploymentPostprocessing = 0;
		};
/* End PBXSourcesBuildPhase section */

/* Begin PBXTargetDependency section */
		7FCA717913EE461300E90912 /* PBXTargetDependency */ = {
			isa = PBXTargetDependency;
			name = SBJson;
			targetProxy = 7FCA717813EE461300E90912 /* PBXContainerItemProxy */;
		};
/* End PBXTargetDependency section */

/* Begin PBXVariantGroup section */
		7FBDF55F13D361C4008627AF /* InfoPlist.strings */ = {
			isa = PBXVariantGroup;
			children = (
				7FBDF56013D361C4008627AF /* en */,
			);
			name = InfoPlist.strings;
			sourceTree = "<group>";
		};
		7FBDF56813D361C4008627AF /* MainWindow.xib */ = {
			isa = PBXVariantGroup;
			children = (
				7FBDF56913D361C4008627AF /* en */,
			);
			name = MainWindow.xib;
			sourceTree = "<group>";
		};
		7FBDF57113D361C4008627AF /* HomeView.xib */ = {
			isa = PBXVariantGroup;
			children = (
				7FBDF57213D361C4008627AF /* en */,
			);
			name = HomeView.xib;
			sourceTree = "<group>";
		};
		7FBDF57413D361C4008627AF /* SearchView.xib */ = {
			isa = PBXVariantGroup;
			children = (
				7FBDF57513D361C4008627AF /* en */,
			);
			name = SearchView.xib;
			sourceTree = "<group>";
		};
/* End PBXVariantGroup section */

/* Begin XCBuildConfiguration section */
		7FBDF57713D361C4008627AF /* Debug */ = {
			isa = XCBuildConfiguration;
			buildSettings = {
				ARCHS = "$(ARCHS_STANDARD_32_BIT)";
				"CODE_SIGN_IDENTITY[sdk=iphoneos*]" = "iPhone Developer";
				GCC_C_LANGUAGE_STANDARD = gnu99;
				GCC_OPTIMIZATION_LEVEL = 0;
				GCC_PREPROCESSOR_DEFINITIONS = DEBUG;
				"GCC_PREPROCESSOR_DEFINITIONS[arch=*]" = DEBUG;
				GCC_SYMBOLS_PRIVATE_EXTERN = NO;
				GCC_VERSION = com.apple.compilers.llvmgcc42;
				GCC_WARN_ABOUT_RETURN_TYPE = YES;
				GCC_WARN_UNUSED_VARIABLE = YES;
				"HEADER_SEARCH_PATHS[arch=*]" = "";
				IPHONEOS_DEPLOYMENT_TARGET = 4.3;
				SDKROOT = iphoneos4.3;
				"USER_HEADER_SEARCH_PATHS[arch=*]" = $SRCROOT;
			};
			name = Debug;
		};
		7FBDF57813D361C4008627AF /* Release */ = {
			isa = XCBuildConfiguration;
			buildSettings = {
				ARCHS = "$(ARCHS_STANDARD_32_BIT)";
				"CODE_SIGN_IDENTITY[sdk=iphoneos*]" = "iPhone Developer";
				GCC_C_LANGUAGE_STANDARD = gnu99;
				GCC_VERSION = com.apple.compilers.llvmgcc42;
				GCC_WARN_ABOUT_RETURN_TYPE = YES;
				GCC_WARN_UNUSED_VARIABLE = YES;
				IPHONEOS_DEPLOYMENT_TARGET = 4.3;
				OTHER_CFLAGS = "-DNS_BLOCK_ASSERTIONS=1";
				SDKROOT = iphoneos4.3;
				"USER_HEADER_SEARCH_PATHS[arch=*]" = $SRCROOT;
			};
			name = Release;
		};
		7FBDF57A13D361C5008627AF /* Debug */ = {
			isa = XCBuildConfiguration;
			buildSettings = {
				ALWAYS_SEARCH_USER_PATHS = NO;
				COPY_PHASE_STRIP = NO;
				GCC_DYNAMIC_NO_PIC = NO;
				GCC_PRECOMPILE_PREFIX_HEADER = YES;
				GCC_PREFIX_HEADER = "Mobx/Mobx-Prefix.pch";
				"HEADER_SEARCH_PATHS[arch=*]" = "";
				INFOPLIST_FILE = "Mobx/Mobx-Info.plist";
				IPHONEOS_DEPLOYMENT_TARGET = 4.3;
				PRODUCT_NAME = "$(TARGET_NAME)";
				SDKROOT = iphoneos;
				WRAPPER_EXTENSION = app;
			};
			name = Debug;
		};
		7FBDF57B13D361C5008627AF /* Release */ = {
			isa = XCBuildConfiguration;
			buildSettings = {
				ALWAYS_SEARCH_USER_PATHS = NO;
				COPY_PHASE_STRIP = YES;
				GCC_PRECOMPILE_PREFIX_HEADER = YES;
				GCC_PREFIX_HEADER = "Mobx/Mobx-Prefix.pch";
				INFOPLIST_FILE = "Mobx/Mobx-Info.plist";
				IPHONEOS_DEPLOYMENT_TARGET = 4.3;
				PRODUCT_NAME = "$(TARGET_NAME)";
				SDKROOT = iphoneos;
				VALIDATE_PRODUCT = YES;
				WRAPPER_EXTENSION = app;
			};
			name = Release;
		};
/* End XCBuildConfiguration section */

/* Begin XCConfigurationList section */
		7FBDF54C13D361C4008627AF /* Build configuration list for PBXProject "Mobx" */ = {
			isa = XCConfigurationList;
			buildConfigurations = (
				7FBDF57713D361C4008627AF /* Debug */,
				7FBDF57813D361C4008627AF /* Release */,
			);
			defaultConfigurationIsVisible = 0;
			defaultConfigurationName = Release;
		};
		7FBDF57913D361C5008627AF /* Build configuration list for PBXNativeTarget "Mobx" */ = {
			isa = XCConfigurationList;
			buildConfigurations = (
				7FBDF57A13D361C5008627AF /* Debug */,
				7FBDF57B13D361C5008627AF /* Release */,
			);
			defaultConfigurationIsVisible = 0;
			defaultConfigurationName = Release;
		};
/* End XCConfigurationList section */

/* Begin XCVersionGroup section */
		7F23397E13DD42450092F4AA /* MobxModel.xcdatamodeld */ = {
			isa = XCVersionGroup;
			children = (
				7F23397F13DD42450092F4AA /* MobxModel.xcdatamodel */,
			);
			currentVersion = 7F23397F13DD42450092F4AA /* MobxModel.xcdatamodel */;
			path = MobxModel.xcdatamodeld;
			sourceTree = "<group>";
			versionGroupType = wrapper.xcdatamodel;
		};
/* End XCVersionGroup section */
	};
	rootObject = 7FBDF54913D361C4008627AF /* Project object */;
}
