// !$*UTF8*$!
{
	archiveVersion = 1;
	classes = {
	};
	objectVersion = 46;
	objects = {

/* Begin PBXBuildFile section */
		7F09092413D5586100AEB66A /* MobxRecord.m in Sources */ = {isa = PBXBuildFile; fileRef = 7F09092313D5586100AEB66A /* MobxRecord.m */; };
		7F23394013DC87770092F4AA /* CompositeSubviewBasedMobxCell.m in Sources */ = {isa = PBXBuildFile; fileRef = 7F23393F13DC87770092F4AA /* CompositeSubviewBasedMobxCell.m */; };
		7F23394313DC91990092F4AA /* CategoryList.plist in Resources */ = {isa = PBXBuildFile; fileRef = 7F23394213DC91990092F4AA /* CategoryList.plist */; };
		7F2C6BB713D6B070009A77EE /* SearchTableViewController.m in Sources */ = {isa = PBXBuildFile; fileRef = 7F2C6BB613D6B070009A77EE /* SearchTableViewController.m */; };
		7F52ACBE13D3BE5E00686761 /* CategoryListViewHandler.m in Sources */ = {isa = PBXBuildFile; fileRef = 7F52ACBD13D3BE5E00686761 /* CategoryListViewHandler.m */; };
		7F64B0CB13DA8FD5009F6B18 /* Settings.bundle in Resources */ = {isa = PBXBuildFile; fileRef = 7F64B0CA13DA8FD5009F6B18 /* Settings.bundle */; };
		7F8C41E813DA967F007297E4 /* AllConfigsViewController.m in Sources */ = {isa = PBXBuildFile; fileRef = 7F8C41E713DA967F007297E4 /* AllConfigsViewController.m */; };
		7FA567A713D939D100C75C31 /* MobxCell.m in Sources */ = {isa = PBXBuildFile; fileRef = 7FA567A613D939D100C75C31 /* MobxCell.m */; };
		7FA567D913D9415200C75C31 /* ChatsTableViewController.m in Sources */ = {isa = PBXBuildFile; fileRef = 7FA567D813D9415200C75C31 /* ChatsTableViewController.m */; };
		7FA567DC13D9475100C75C31 /* IndividualSubViewBasedMobxCell.m in Sources */ = {isa = PBXBuildFile; fileRef = 7FA567DB13D9475100C75C31 /* IndividualSubViewBasedMobxCell.m */; };
		7FA567EF13D9481300C75C31 /* Baseball.png in Resources */ = {isa = PBXBuildFile; fileRef = 7FA567DE13D9481300C75C31 /* Baseball.png */; };
		7FA567F013D9481300C75C31 /* Blocks.png in Resources */ = {isa = PBXBuildFile; fileRef = 7FA567DF13D9481300C75C31 /* Blocks.png */; };
		7FA567F113D9481300C75C31 /* Checkers.png in Resources */ = {isa = PBXBuildFile; fileRef = 7FA567E013D9481300C75C31 /* Checkers.png */; };
		7FA567F213D9481300C75C31 /* DarkBackground.png in Resources */ = {isa = PBXBuildFile; fileRef = 7FA567E113D9481300C75C31 /* DarkBackground.png */; };
		7FA567F313D9481300C75C31 /* Dinner.png in Resources */ = {isa = PBXBuildFile; fileRef = 7FA567E213D9481300C75C31 /* Dinner.png */; };
		7FA567F413D9481300C75C31 /* Football.png in Resources */ = {isa = PBXBuildFile; fileRef = 7FA567E313D9481300C75C31 /* Football.png */; };
		7FA567F513D9481300C75C31 /* Icon-72.png in Resources */ = {isa = PBXBuildFile; fileRef = 7FA567E413D9481300C75C31 /* Icon-72.png */; };
		7FA567F613D9481300C75C31 /* Icon-Small-50.png in Resources */ = {isa = PBXBuildFile; fileRef = 7FA567E513D9481300C75C31 /* Icon-Small-50.png */; };
		7FA567F713D9481300C75C31 /* Icon-Small.png in Resources */ = {isa = PBXBuildFile; fileRef = 7FA567E613D9481300C75C31 /* Icon-Small.png */; };
		7FA567F813D9481300C75C31 /* Icon-Small@2x.png in Resources */ = {isa = PBXBuildFile; fileRef = 7FA567E713D9481300C75C31 /* Icon-Small@2x.png */; };
		7FA567F913D9481300C75C31 /* Icon.png in Resources */ = {isa = PBXBuildFile; fileRef = 7FA567E813D9481300C75C31 /* Icon.png */; };
		7FA567FA13D9481300C75C31 /* Icon@2x.png in Resources */ = {isa = PBXBuildFile; fileRef = 7FA567E913D9481300C75C31 /* Icon@2x.png */; };
		7FA567FB13D9481300C75C31 /* iTunesArtwork in Resources */ = {isa = PBXBuildFile; fileRef = 7FA567EA13D9481300C75C31 /* iTunesArtwork */; };
		7FA567FC13D9481300C75C31 /* LightBackground.png in Resources */ = {isa = PBXBuildFile; fileRef = 7FA567EB13D9481300C75C31 /* LightBackground.png */; };
		7FA567FD13D9481300C75C31 /* MathGraph.png in Resources */ = {isa = PBXBuildFile; fileRef = 7FA567EC13D9481300C75C31 /* MathGraph.png */; };
		7FA567FE13D9481300C75C31 /* StarsBackground.png in Resources */ = {isa = PBXBuildFile; fileRef = 7FA567ED13D9481300C75C31 /* StarsBackground.png */; };
		7FA567FF13D9481300C75C31 /* StarsForeground.png in Resources */ = {isa = PBXBuildFile; fileRef = 7FA567EE13D9481300C75C31 /* StarsForeground.png */; };
		7FA5680113D9484100C75C31 /* ChatsTableViewCell.xib in Resources */ = {isa = PBXBuildFile; fileRef = 7FA5680013D9484100C75C31 /* ChatsTableViewCell.xib */; };
		7FA5681013D956C800C75C31 /* ChatsViewTableData.plist in Resources */ = {isa = PBXBuildFile; fileRef = 7FA5680F13D956C800C75C31 /* ChatsViewTableData.plist */; };
		7FB231A413DBFF7300CFDB91 /* MessageUI.framework in Frameworks */ = {isa = PBXBuildFile; fileRef = 7FB231A313DBFF7300CFDB91 /* MessageUI.framework */; };
		7FB231A713DC028000CFDB91 /* 20-gear2.png in Resources */ = {isa = PBXBuildFile; fileRef = 7FB231A513DC028000CFDB91 /* 20-gear2.png */; };
		7FB231A813DC028000CFDB91 /* Icon_gear.png in Resources */ = {isa = PBXBuildFile; fileRef = 7FB231A613DC028000CFDB91 /* Icon_gear.png */; };
		7FB231B413DC06DD00CFDB91 /* IASKAppSettingsViewController.m in Sources */ = {isa = PBXBuildFile; fileRef = 7FB231AF13DC06DD00CFDB91 /* IASKAppSettingsViewController.m */; };
		7FB231B513DC06DD00CFDB91 /* IASKAppSettingsWebViewController.m in Sources */ = {isa = PBXBuildFile; fileRef = 7FB231B113DC06DD00CFDB91 /* IASKAppSettingsWebViewController.m */; };
		7FB231B613DC06DD00CFDB91 /* IASKSpecifierValuesViewController.m in Sources */ = {isa = PBXBuildFile; fileRef = 7FB231B313DC06DD00CFDB91 /* IASKSpecifierValuesViewController.m */; };
		7FB231C113DC070F00CFDB91 /* IASKSettingsReader.m in Sources */ = {isa = PBXBuildFile; fileRef = 7FB231B813DC070F00CFDB91 /* IASKSettingsReader.m */; };
		7FB231C213DC070F00CFDB91 /* IASKSettingsStore.m in Sources */ = {isa = PBXBuildFile; fileRef = 7FB231BA13DC070F00CFDB91 /* IASKSettingsStore.m */; };
		7FB231C313DC070F00CFDB91 /* IASKSettingsStoreFile.m in Sources */ = {isa = PBXBuildFile; fileRef = 7FB231BC13DC070F00CFDB91 /* IASKSettingsStoreFile.m */; };
		7FB231C413DC070F00CFDB91 /* IASKSettingsStoreUserDefaults.m in Sources */ = {isa = PBXBuildFile; fileRef = 7FB231BE13DC070F00CFDB91 /* IASKSettingsStoreUserDefaults.m */; };
		7FB231C513DC070F00CFDB91 /* IASKSpecifier.m in Sources */ = {isa = PBXBuildFile; fileRef = 7FB231C013DC070F00CFDB91 /* IASKSpecifier.m */; };
		7FB231D413DC072400CFDB91 /* IASKPSSliderSpecifierViewCell.m in Sources */ = {isa = PBXBuildFile; fileRef = 7FB231C713DC072400CFDB91 /* IASKPSSliderSpecifierViewCell.m */; };
		7FB231D513DC072400CFDB91 /* IASKPSTextFieldSpecifierViewCell.m in Sources */ = {isa = PBXBuildFile; fileRef = 7FB231C913DC072400CFDB91 /* IASKPSTextFieldSpecifierViewCell.m */; };
		7FB231D613DC072400CFDB91 /* IASKPSTitleValueSpecifierViewCell.m in Sources */ = {isa = PBXBuildFile; fileRef = 7FB231CB13DC072400CFDB91 /* IASKPSTitleValueSpecifierViewCell.m */; };
		7FB231D713DC072400CFDB91 /* IASKPSToggleSwitchSpecifierViewCell.m in Sources */ = {isa = PBXBuildFile; fileRef = 7FB231CD13DC072400CFDB91 /* IASKPSToggleSwitchSpecifierViewCell.m */; };
		7FB231D813DC072400CFDB91 /* IASKSlider.m in Sources */ = {isa = PBXBuildFile; fileRef = 7FB231CF13DC072400CFDB91 /* IASKSlider.m */; };
		7FB231D913DC072400CFDB91 /* IASKSwitch.m in Sources */ = {isa = PBXBuildFile; fileRef = 7FB231D113DC072400CFDB91 /* IASKSwitch.m */; };
		7FB231DA13DC072400CFDB91 /* IASKTextField.m in Sources */ = {isa = PBXBuildFile; fileRef = 7FB231D313DC072400CFDB91 /* IASKTextField.m */; };
		7FB231E113DC073600CFDB91 /* IASKAppSettingsView.xib in Resources */ = {isa = PBXBuildFile; fileRef = 7FB231DB13DC073600CFDB91 /* IASKAppSettingsView.xib */; };
		7FB231E213DC073600CFDB91 /* IASKAppSettingsWebView.xib in Resources */ = {isa = PBXBuildFile; fileRef = 7FB231DC13DC073600CFDB91 /* IASKAppSettingsWebView.xib */; };
		7FB231E313DC073600CFDB91 /* IASKPSSliderSpecifierViewCell.xib in Resources */ = {isa = PBXBuildFile; fileRef = 7FB231DD13DC073600CFDB91 /* IASKPSSliderSpecifierViewCell.xib */; };
		7FB231E413DC073600CFDB91 /* IASKPSTextFieldSpecifierViewCell.xib in Resources */ = {isa = PBXBuildFile; fileRef = 7FB231DE13DC073600CFDB91 /* IASKPSTextFieldSpecifierViewCell.xib */; };
		7FB231E513DC073600CFDB91 /* IASKPSToggleSwitchSpecifierViewCell.xib in Resources */ = {isa = PBXBuildFile; fileRef = 7FB231DF13DC073600CFDB91 /* IASKPSToggleSwitchSpecifierViewCell.xib */; };
		7FB231E613DC073600CFDB91 /* IASKSpecifierValuesView.xib in Resources */ = {isa = PBXBuildFile; fileRef = 7FB231E013DC073600CFDB91 /* IASKSpecifierValuesView.xib */; };
		7FBDF55713D361C4008627AF /* UIKit.framework in Frameworks */ = {isa = PBXBuildFile; fileRef = 7FBDF55613D361C4008627AF /* UIKit.framework */; };
		7FBDF55913D361C4008627AF /* Foundation.framework in Frameworks */ = {isa = PBXBuildFile; fileRef = 7FBDF55813D361C4008627AF /* Foundation.framework */; };
		7FBDF55B13D361C4008627AF /* CoreGraphics.framework in Frameworks */ = {isa = PBXBuildFile; fileRef = 7FBDF55A13D361C4008627AF /* CoreGraphics.framework */; };
		7FBDF56113D361C4008627AF /* InfoPlist.strings in Resources */ = {isa = PBXBuildFile; fileRef = 7FBDF55F13D361C4008627AF /* InfoPlist.strings */; };
		7FBDF56413D361C4008627AF /* main.m in Sources */ = {isa = PBXBuildFile; fileRef = 7FBDF56313D361C4008627AF /* main.m */; };
		7FBDF56713D361C4008627AF /* MobxAppDelegate.m in Sources */ = {isa = PBXBuildFile; fileRef = 7FBDF56613D361C4008627AF /* MobxAppDelegate.m */; };
		7FBDF56A13D361C4008627AF /* MainWindow.xib in Resources */ = {isa = PBXBuildFile; fileRef = 7FBDF56813D361C4008627AF /* MainWindow.xib */; };
		7FBDF56D13D361C4008627AF /* HomeViewController.m in Sources */ = {isa = PBXBuildFile; fileRef = 7FBDF56C13D361C4008627AF /* HomeViewController.m */; };
		7FBDF57013D361C4008627AF /* SearchViewController.m in Sources */ = {isa = PBXBuildFile; fileRef = 7FBDF56F13D361C4008627AF /* SearchViewController.m */; };
		7FBDF57313D361C4008627AF /* HomeView.xib in Resources */ = {isa = PBXBuildFile; fileRef = 7FBDF57113D361C4008627AF /* HomeView.xib */; };
		7FBDF57613D361C4008627AF /* SearchView.xib in Resources */ = {isa = PBXBuildFile; fileRef = 7FBDF57413D361C4008627AF /* SearchView.xib */; };
		7FBDF57D13D3699E008627AF /* ChatsView.xib in Resources */ = {isa = PBXBuildFile; fileRef = 7FBDF57C13D3699E008627AF /* ChatsView.xib */; };
		7FBDF57F13D369AB008627AF /* SettingsView.xib in Resources */ = {isa = PBXBuildFile; fileRef = 7FBDF57E13D369AB008627AF /* SettingsView.xib */; };
		7FBDF58E13D36AB0008627AF /* SettingsViewController.m in Sources */ = {isa = PBXBuildFile; fileRef = 7FBDF58D13D36AB0008627AF /* SettingsViewController.m */; };
		7FBDF59413D37EB0008627AF /* ChatsViewController.m in Sources */ = {isa = PBXBuildFile; fileRef = 7FBDF59313D37EAF008627AF /* ChatsViewController.m */; };
		7FBDF59613D38102008627AF /* weicheng.jpg in Resources */ = {isa = PBXBuildFile; fileRef = 7FBDF59513D38102008627AF /* weicheng.jpg */; };
/* End PBXBuildFile section */

/* Begin PBXFileReference section */
		7F09092213D5586100AEB66A /* MobxRecord.h */ = {isa = PBXFileReference; fileEncoding = 4; lastKnownFileType = sourcecode.c.h; path = MobxRecord.h; sourceTree = "<group>"; };
		7F09092313D5586100AEB66A /* MobxRecord.m */ = {isa = PBXFileReference; fileEncoding = 4; lastKnownFileType = sourcecode.c.objc; path = MobxRecord.m; sourceTree = "<group>"; };
		7F23393E13DC87760092F4AA /* CompositeSubviewBasedMobxCell.h */ = {isa = PBXFileReference; fileEncoding = 4; lastKnownFileType = sourcecode.c.h; path = CompositeSubviewBasedMobxCell.h; sourceTree = "<group>"; };
		7F23393F13DC87770092F4AA /* CompositeSubviewBasedMobxCell.m */ = {isa = PBXFileReference; fileEncoding = 4; lastKnownFileType = sourcecode.c.objc; path = CompositeSubviewBasedMobxCell.m; sourceTree = "<group>"; };
		7F23394213DC91990092F4AA /* CategoryList.plist */ = {isa = PBXFileReference; fileEncoding = 4; lastKnownFileType = text.plist.xml; path = CategoryList.plist; sourceTree = "<group>"; };
		7F23394713DC96630092F4AA /* MobxUIConstants.h */ = {isa = PBXFileReference; fileEncoding = 4; lastKnownFileType = sourcecode.c.h; path = MobxUIConstants.h; sourceTree = "<group>"; };
		7F2C6BB513D6B070009A77EE /* SearchTableViewController.h */ = {isa = PBXFileReference; fileEncoding = 4; lastKnownFileType = sourcecode.c.h; path = SearchTableViewController.h; sourceTree = "<group>"; };
		7F2C6BB613D6B070009A77EE /* SearchTableViewController.m */ = {isa = PBXFileReference; fileEncoding = 4; lastKnownFileType = sourcecode.c.objc; path = SearchTableViewController.m; sourceTree = "<group>"; };
		7F52ACBC13D3BE5E00686761 /* CategoryListViewHandler.h */ = {isa = PBXFileReference; fileEncoding = 4; lastKnownFileType = sourcecode.c.h; name = CategoryListViewHandler.h; path = HomeView/CategoryListViewHandler.h; sourceTree = "<group>"; };
		7F52ACBD13D3BE5E00686761 /* CategoryListViewHandler.m */ = {isa = PBXFileReference; fileEncoding = 4; lastKnownFileType = sourcecode.c.objc; name = CategoryListViewHandler.m; path = HomeView/CategoryListViewHandler.m; sourceTree = "<group>"; };
		7F64B0CA13DA8FD5009F6B18 /* Settings.bundle */ = {isa = PBXFileReference; lastKnownFileType = "wrapper.plug-in"; path = Settings.bundle; sourceTree = "<group>"; };
		7F8C41E613DA967F007297E4 /* AllConfigsViewController.h */ = {isa = PBXFileReference; fileEncoding = 4; lastKnownFileType = sourcecode.c.h; path = AllConfigsViewController.h; sourceTree = "<group>"; };
		7F8C41E713DA967F007297E4 /* AllConfigsViewController.m */ = {isa = PBXFileReference; fileEncoding = 4; lastKnownFileType = sourcecode.c.objc; path = AllConfigsViewController.m; sourceTree = "<group>"; };
		7FA567A513D939D100C75C31 /* MobxCell.h */ = {isa = PBXFileReference; fileEncoding = 4; lastKnownFileType = sourcecode.c.h; path = MobxCell.h; sourceTree = "<group>"; };
		7FA567A613D939D100C75C31 /* MobxCell.m */ = {isa = PBXFileReference; fileEncoding = 4; lastKnownFileType = sourcecode.c.objc; path = MobxCell.m; sourceTree = "<group>"; };
		7FA567D713D9415200C75C31 /* ChatsTableViewController.h */ = {isa = PBXFileReference; fileEncoding = 4; lastKnownFileType = sourcecode.c.h; path = ChatsTableViewController.h; sourceTree = "<group>"; };
		7FA567D813D9415200C75C31 /* ChatsTableViewController.m */ = {isa = PBXFileReference; fileEncoding = 4; lastKnownFileType = sourcecode.c.objc; path = ChatsTableViewController.m; sourceTree = "<group>"; };
		7FA567DB13D9475100C75C31 /* IndividualSubViewBasedMobxCell.m */ = {isa = PBXFileReference; fileEncoding = 4; lastKnownFileType = sourcecode.c.objc; path = IndividualSubViewBasedMobxCell.m; sourceTree = "<group>"; };
		7FA567DE13D9481300C75C31 /* Baseball.png */ = {isa = PBXFileReference; lastKnownFileType = image.png; name = Baseball.png; path = Resources/Images/Baseball.png; sourceTree = "<group>"; };
		7FA567DF13D9481300C75C31 /* Blocks.png */ = {isa = PBXFileReference; lastKnownFileType = image.png; name = Blocks.png; path = Resources/Images/Blocks.png; sourceTree = "<group>"; };
		7FA567E013D9481300C75C31 /* Checkers.png */ = {isa = PBXFileReference; lastKnownFileType = image.png; name = Checkers.png; path = Resources/Images/Checkers.png; sourceTree = "<group>"; };
		7FA567E113D9481300C75C31 /* DarkBackground.png */ = {isa = PBXFileReference; lastKnownFileType = image.png; name = DarkBackground.png; path = Resources/Images/DarkBackground.png; sourceTree = "<group>"; };
		7FA567E213D9481300C75C31 /* Dinner.png */ = {isa = PBXFileReference; lastKnownFileType = image.png; name = Dinner.png; path = Resources/Images/Dinner.png; sourceTree = "<group>"; };
		7FA567E313D9481300C75C31 /* Football.png */ = {isa = PBXFileReference; lastKnownFileType = image.png; name = Football.png; path = Resources/Images/Football.png; sourceTree = "<group>"; };
		7FA567E413D9481300C75C31 /* Icon-72.png */ = {isa = PBXFileReference; lastKnownFileType = image.png; name = "Icon-72.png"; path = "Resources/Images/Icon-72.png"; sourceTree = "<group>"; };
		7FA567E513D9481300C75C31 /* Icon-Small-50.png */ = {isa = PBXFileReference; lastKnownFileType = image.png; name = "Icon-Small-50.png"; path = "Resources/Images/Icon-Small-50.png"; sourceTree = "<group>"; };
		7FA567E613D9481300C75C31 /* Icon-Small.png */ = {isa = PBXFileReference; lastKnownFileType = image.png; name = "Icon-Small.png"; path = "Resources/Images/Icon-Small.png"; sourceTree = "<group>"; };
		7FA567E713D9481300C75C31 /* Icon-Small@2x.png */ = {isa = PBXFileReference; lastKnownFileType = image.png; name = "Icon-Small@2x.png"; path = "Resources/Images/Icon-Small@2x.png"; sourceTree = "<group>"; };
		7FA567E813D9481300C75C31 /* Icon.png */ = {isa = PBXFileReference; lastKnownFileType = image.png; name = Icon.png; path = Resources/Images/Icon.png; sourceTree = "<group>"; };
		7FA567E913D9481300C75C31 /* Icon@2x.png */ = {isa = PBXFileReference; lastKnownFileType = image.png; name = "Icon@2x.png"; path = "Resources/Images/Icon@2x.png"; sourceTree = "<group>"; };
		7FA567EA13D9481300C75C31 /* iTunesArtwork */ = {isa = PBXFileReference; lastKnownFileType = file; name = iTunesArtwork; path = Resources/Images/iTunesArtwork; sourceTree = "<group>"; };
		7FA567EB13D9481300C75C31 /* LightBackground.png */ = {isa = PBXFileReference; lastKnownFileType = image.png; name = LightBackground.png; path = Resources/Images/LightBackground.png; sourceTree = "<group>"; };
		7FA567EC13D9481300C75C31 /* MathGraph.png */ = {isa = PBXFileReference; lastKnownFileType = image.png; name = MathGraph.png; path = Resources/Images/MathGraph.png; sourceTree = "<group>"; };
		7FA567ED13D9481300C75C31 /* StarsBackground.png */ = {isa = PBXFileReference; lastKnownFileType = image.png; name = StarsBackground.png; path = Resources/Images/StarsBackground.png; sourceTree = "<group>"; };
		7FA567EE13D9481300C75C31 /* StarsForeground.png */ = {isa = PBXFileReference; lastKnownFileType = image.png; name = StarsForeground.png; path = Resources/Images/StarsForeground.png; sourceTree = "<group>"; };
		7FA5680013D9484100C75C31 /* ChatsTableViewCell.xib */ = {isa = PBXFileReference; fileEncoding = 4; lastKnownFileType = file.xib; path = ChatsTableViewCell.xib; sourceTree = "<group>"; };
		7FA5680313D94B6E00C75C31 /* IndividualSubViewBasedMobxCell.h */ = {isa = PBXFileReference; fileEncoding = 4; lastKnownFileType = sourcecode.c.h; path = IndividualSubViewBasedMobxCell.h; sourceTree = "<group>"; };
		7FA5680F13D956C800C75C31 /* ChatsViewTableData.plist */ = {isa = PBXFileReference; fileEncoding = 4; lastKnownFileType = text.plist.xml; path = ChatsViewTableData.plist; sourceTree = "<group>"; };
		7FB231A313DBFF7300CFDB91 /* MessageUI.framework */ = {isa = PBXFileReference; lastKnownFileType = wrapper.framework; name = MessageUI.framework; path = System/Library/Frameworks/MessageUI.framework; sourceTree = SDKROOT; };
		7FB231A513DC028000CFDB91 /* 20-gear2.png */ = {isa = PBXFileReference; lastKnownFileType = image.png; name = "20-gear2.png"; path = "Resources/Images/20-gear2.png"; sourceTree = "<group>"; };
		7FB231A613DC028000CFDB91 /* Icon_gear.png */ = {isa = PBXFileReference; lastKnownFileType = image.png; name = Icon_gear.png; path = Resources/Images/Icon_gear.png; sourceTree = "<group>"; };
		7FB231AE13DC06DD00CFDB91 /* IASKAppSettingsViewController.h */ = {isa = PBXFileReference; fileEncoding = 4; lastKnownFileType = sourcecode.c.h; name = IASKAppSettingsViewController.h; path = InAppSettingsKit/Controllers/IASKAppSettingsViewController.h; sourceTree = SOURCE_ROOT; };
		7FB231AF13DC06DD00CFDB91 /* IASKAppSettingsViewController.m */ = {isa = PBXFileReference; fileEncoding = 4; lastKnownFileType = sourcecode.c.objc; name = IASKAppSettingsViewController.m; path = InAppSettingsKit/Controllers/IASKAppSettingsViewController.m; sourceTree = SOURCE_ROOT; };
		7FB231B013DC06DD00CFDB91 /* IASKAppSettingsWebViewController.h */ = {isa = PBXFileReference; fileEncoding = 4; lastKnownFileType = sourcecode.c.h; name = IASKAppSettingsWebViewController.h; path = InAppSettingsKit/Controllers/IASKAppSettingsWebViewController.h; sourceTree = SOURCE_ROOT; };
		7FB231B113DC06DD00CFDB91 /* IASKAppSettingsWebViewController.m */ = {isa = PBXFileReference; fileEncoding = 4; lastKnownFileType = sourcecode.c.objc; name = IASKAppSettingsWebViewController.m; path = InAppSettingsKit/Controllers/IASKAppSettingsWebViewController.m; sourceTree = SOURCE_ROOT; };
		7FB231B213DC06DD00CFDB91 /* IASKSpecifierValuesViewController.h */ = {isa = PBXFileReference; fileEncoding = 4; lastKnownFileType = sourcecode.c.h; name = IASKSpecifierValuesViewController.h; path = InAppSettingsKit/Controllers/IASKSpecifierValuesViewController.h; sourceTree = SOURCE_ROOT; };
		7FB231B313DC06DD00CFDB91 /* IASKSpecifierValuesViewController.m */ = {isa = PBXFileReference; fileEncoding = 4; lastKnownFileType = sourcecode.c.objc; name = IASKSpecifierValuesViewController.m; path = InAppSettingsKit/Controllers/IASKSpecifierValuesViewController.m; sourceTree = SOURCE_ROOT; };
		7FB231B713DC070F00CFDB91 /* IASKSettingsReader.h */ = {isa = PBXFileReference; fileEncoding = 4; lastKnownFileType = sourcecode.c.h; name = IASKSettingsReader.h; path = InAppSettingsKit/Models/IASKSettingsReader.h; sourceTree = SOURCE_ROOT; };
		7FB231B813DC070F00CFDB91 /* IASKSettingsReader.m */ = {isa = PBXFileReference; fileEncoding = 4; lastKnownFileType = sourcecode.c.objc; name = IASKSettingsReader.m; path = InAppSettingsKit/Models/IASKSettingsReader.m; sourceTree = SOURCE_ROOT; };
		7FB231B913DC070F00CFDB91 /* IASKSettingsStore.h */ = {isa = PBXFileReference; fileEncoding = 4; lastKnownFileType = sourcecode.c.h; name = IASKSettingsStore.h; path = InAppSettingsKit/Models/IASKSettingsStore.h; sourceTree = SOURCE_ROOT; };
		7FB231BA13DC070F00CFDB91 /* IASKSettingsStore.m */ = {isa = PBXFileReference; fileEncoding = 4; lastKnownFileType = sourcecode.c.objc; name = IASKSettingsStore.m; path = InAppSettingsKit/Models/IASKSettingsStore.m; sourceTree = SOURCE_ROOT; };
		7FB231BB13DC070F00CFDB91 /* IASKSettingsStoreFile.h */ = {isa = PBXFileReference; fileEncoding = 4; lastKnownFileType = sourcecode.c.h; name = IASKSettingsStoreFile.h; path = InAppSettingsKit/Models/IASKSettingsStoreFile.h; sourceTree = SOURCE_ROOT; };
		7FB231BC13DC070F00CFDB91 /* IASKSettingsStoreFile.m */ = {isa = PBXFileReference; fileEncoding = 4; lastKnownFileType = sourcecode.c.objc; name = IASKSettingsStoreFile.m; path = InAppSettingsKit/Models/IASKSettingsStoreFile.m; sourceTree = SOURCE_ROOT; };
		7FB231BD13DC070F00CFDB91 /* IASKSettingsStoreUserDefaults.h */ = {isa = PBXFileReference; fileEncoding = 4; lastKnownFileType = sourcecode.c.h; name = IASKSettingsStoreUserDefaults.h; path = InAppSettingsKit/Models/IASKSettingsStoreUserDefaults.h; sourceTree = SOURCE_ROOT; };
		7FB231BE13DC070F00CFDB91 /* IASKSettingsStoreUserDefaults.m */ = {isa = PBXFileReference; fileEncoding = 4; lastKnownFileType = sourcecode.c.objc; name = IASKSettingsStoreUserDefaults.m; path = InAppSettingsKit/Models/IASKSettingsStoreUserDefaults.m; sourceTree = SOURCE_ROOT; };
		7FB231BF13DC070F00CFDB91 /* IASKSpecifier.h */ = {isa = PBXFileReference; fileEncoding = 4; lastKnownFileType = sourcecode.c.h; name = IASKSpecifier.h; path = InAppSettingsKit/Models/IASKSpecifier.h; sourceTree = SOURCE_ROOT; };
		7FB231C013DC070F00CFDB91 /* IASKSpecifier.m */ = {isa = PBXFileReference; fileEncoding = 4; lastKnownFileType = sourcecode.c.objc; name = IASKSpecifier.m; path = InAppSettingsKit/Models/IASKSpecifier.m; sourceTree = SOURCE_ROOT; };
		7FB231C613DC072400CFDB91 /* IASKPSSliderSpecifierViewCell.h */ = {isa = PBXFileReference; fileEncoding = 4; lastKnownFileType = sourcecode.c.h; name = IASKPSSliderSpecifierViewCell.h; path = InAppSettingsKit/Views/IASKPSSliderSpecifierViewCell.h; sourceTree = SOURCE_ROOT; };
		7FB231C713DC072400CFDB91 /* IASKPSSliderSpecifierViewCell.m */ = {isa = PBXFileReference; fileEncoding = 4; lastKnownFileType = sourcecode.c.objc; name = IASKPSSliderSpecifierViewCell.m; path = InAppSettingsKit/Views/IASKPSSliderSpecifierViewCell.m; sourceTree = SOURCE_ROOT; };
		7FB231C813DC072400CFDB91 /* IASKPSTextFieldSpecifierViewCell.h */ = {isa = PBXFileReference; fileEncoding = 4; lastKnownFileType = sourcecode.c.h; name = IASKPSTextFieldSpecifierViewCell.h; path = InAppSettingsKit/Views/IASKPSTextFieldSpecifierViewCell.h; sourceTree = SOURCE_ROOT; };
		7FB231C913DC072400CFDB91 /* IASKPSTextFieldSpecifierViewCell.m */ = {isa = PBXFileReference; fileEncoding = 4; lastKnownFileType = sourcecode.c.objc; name = IASKPSTextFieldSpecifierViewCell.m; path = InAppSettingsKit/Views/IASKPSTextFieldSpecifierViewCell.m; sourceTree = SOURCE_ROOT; };
		7FB231CA13DC072400CFDB91 /* IASKPSTitleValueSpecifierViewCell.h */ = {isa = PBXFileReference; fileEncoding = 4; lastKnownFileType = sourcecode.c.h; name = IASKPSTitleValueSpecifierViewCell.h; path = InAppSettingsKit/Views/IASKPSTitleValueSpecifierViewCell.h; sourceTree = SOURCE_ROOT; };
		7FB231CB13DC072400CFDB91 /* IASKPSTitleValueSpecifierViewCell.m */ = {isa = PBXFileReference; fileEncoding = 4; lastKnownFileType = sourcecode.c.objc; name = IASKPSTitleValueSpecifierViewCell.m; path = InAppSettingsKit/Views/IASKPSTitleValueSpecifierViewCell.m; sourceTree = SOURCE_ROOT; };
		7FB231CC13DC072400CFDB91 /* IASKPSToggleSwitchSpecifierViewCell.h */ = {isa = PBXFileReference; fileEncoding = 4; lastKnownFileType = sourcecode.c.h; name = IASKPSToggleSwitchSpecifierViewCell.h; path = InAppSettingsKit/Views/IASKPSToggleSwitchSpecifierViewCell.h; sourceTree = SOURCE_ROOT; };
		7FB231CD13DC072400CFDB91 /* IASKPSToggleSwitchSpecifierViewCell.m */ = {isa = PBXFileReference; fileEncoding = 4; lastKnownFileType = sourcecode.c.objc; name = IASKPSToggleSwitchSpecifierViewCell.m; path = InAppSettingsKit/Views/IASKPSToggleSwitchSpecifierViewCell.m; sourceTree = SOURCE_ROOT; };
		7FB231CE13DC072400CFDB91 /* IASKSlider.h */ = {isa = PBXFileReference; fileEncoding = 4; lastKnownFileType = sourcecode.c.h; name = IASKSlider.h; path = InAppSettingsKit/Views/IASKSlider.h; sourceTree = SOURCE_ROOT; };
		7FB231CF13DC072400CFDB91 /* IASKSlider.m */ = {isa = PBXFileReference; fileEncoding = 4; lastKnownFileType = sourcecode.c.objc; name = IASKSlider.m; path = InAppSettingsKit/Views/IASKSlider.m; sourceTree = SOURCE_ROOT; };
		7FB231D013DC072400CFDB91 /* IASKSwitch.h */ = {isa = PBXFileReference; fileEncoding = 4; lastKnownFileType = sourcecode.c.h; name = IASKSwitch.h; path = InAppSettingsKit/Views/IASKSwitch.h; sourceTree = SOURCE_ROOT; };
		7FB231D113DC072400CFDB91 /* IASKSwitch.m */ = {isa = PBXFileReference; fileEncoding = 4; lastKnownFileType = sourcecode.c.objc; name = IASKSwitch.m; path = InAppSettingsKit/Views/IASKSwitch.m; sourceTree = SOURCE_ROOT; };
		7FB231D213DC072400CFDB91 /* IASKTextField.h */ = {isa = PBXFileReference; fileEncoding = 4; lastKnownFileType = sourcecode.c.h; name = IASKTextField.h; path = InAppSettingsKit/Views/IASKTextField.h; sourceTree = SOURCE_ROOT; };
		7FB231D313DC072400CFDB91 /* IASKTextField.m */ = {isa = PBXFileReference; fileEncoding = 4; lastKnownFileType = sourcecode.c.objc; name = IASKTextField.m; path = InAppSettingsKit/Views/IASKTextField.m; sourceTree = SOURCE_ROOT; };
		7FB231DB13DC073600CFDB91 /* IASKAppSettingsView.xib */ = {isa = PBXFileReference; fileEncoding = 4; lastKnownFileType = file.xib; name = IASKAppSettingsView.xib; path = InAppSettingsKit/Xibs/IASKAppSettingsView.xib; sourceTree = SOURCE_ROOT; };
		7FB231DC13DC073600CFDB91 /* IASKAppSettingsWebView.xib */ = {isa = PBXFileReference; fileEncoding = 4; lastKnownFileType = file.xib; name = IASKAppSettingsWebView.xib; path = InAppSettingsKit/Xibs/IASKAppSettingsWebView.xib; sourceTree = SOURCE_ROOT; };
		7FB231DD13DC073600CFDB91 /* IASKPSSliderSpecifierViewCell.xib */ = {isa = PBXFileReference; fileEncoding = 4; lastKnownFileType = file.xib; name = IASKPSSliderSpecifierViewCell.xib; path = InAppSettingsKit/Xibs/IASKPSSliderSpecifierViewCell.xib; sourceTree = SOURCE_ROOT; };
		7FB231DE13DC073600CFDB91 /* IASKPSTextFieldSpecifierViewCell.xib */ = {isa = PBXFileReference; fileEncoding = 4; lastKnownFileType = file.xib; name = IASKPSTextFieldSpecifierViewCell.xib; path = InAppSettingsKit/Xibs/IASKPSTextFieldSpecifierViewCell.xib; sourceTree = SOURCE_ROOT; };
		7FB231DF13DC073600CFDB91 /* IASKPSToggleSwitchSpecifierViewCell.xib */ = {isa = PBXFileReference; fileEncoding = 4; lastKnownFileType = file.xib; name = IASKPSToggleSwitchSpecifierViewCell.xib; path = InAppSettingsKit/Xibs/IASKPSToggleSwitchSpecifierViewCell.xib; sourceTree = SOURCE_ROOT; };
		7FB231E013DC073600CFDB91 /* IASKSpecifierValuesView.xib */ = {isa = PBXFileReference; fileEncoding = 4; lastKnownFileType = file.xib; name = IASKSpecifierValuesView.xib; path = InAppSettingsKit/Xibs/IASKSpecifierValuesView.xib; sourceTree = SOURCE_ROOT; };
		7FBDF55213D361C4008627AF /* Mobx.app */ = {isa = PBXFileReference; explicitFileType = wrapper.application; includeInIndex = 0; path = Mobx.app; sourceTree = BUILT_PRODUCTS_DIR; };
		7FBDF55613D361C4008627AF /* UIKit.framework */ = {isa = PBXFileReference; lastKnownFileType = wrapper.framework; name = UIKit.framework; path = System/Library/Frameworks/UIKit.framework; sourceTree = SDKROOT; };
		7FBDF55813D361C4008627AF /* Foundation.framework */ = {isa = PBXFileReference; lastKnownFileType = wrapper.framework; name = Foundation.framework; path = System/Library/Frameworks/Foundation.framework; sourceTree = SDKROOT; };
		7FBDF55A13D361C4008627AF /* CoreGraphics.framework */ = {isa = PBXFileReference; lastKnownFileType = wrapper.framework; name = CoreGraphics.framework; path = System/Library/Frameworks/CoreGraphics.framework; sourceTree = SDKROOT; };
		7FBDF55E13D361C4008627AF /* Mobx-Info.plist */ = {isa = PBXFileReference; lastKnownFileType = text.plist.xml; path = "Mobx-Info.plist"; sourceTree = "<group>"; };
		7FBDF56013D361C4008627AF /* en */ = {isa = PBXFileReference; lastKnownFileType = text.plist.strings; name = en; path = en.lproj/InfoPlist.strings; sourceTree = "<group>"; };
		7FBDF56213D361C4008627AF /* Mobx-Prefix.pch */ = {isa = PBXFileReference; lastKnownFileType = sourcecode.c.h; path = "Mobx-Prefix.pch"; sourceTree = "<group>"; };
		7FBDF56313D361C4008627AF /* main.m */ = {isa = PBXFileReference; lastKnownFileType = sourcecode.c.objc; path = main.m; sourceTree = "<group>"; };
		7FBDF56513D361C4008627AF /* MobxAppDelegate.h */ = {isa = PBXFileReference; lastKnownFileType = sourcecode.c.h; path = MobxAppDelegate.h; sourceTree = "<group>"; };
		7FBDF56613D361C4008627AF /* MobxAppDelegate.m */ = {isa = PBXFileReference; lastKnownFileType = sourcecode.c.objc; path = MobxAppDelegate.m; sourceTree = "<group>"; };
		7FBDF56913D361C4008627AF /* en */ = {isa = PBXFileReference; lastKnownFileType = file.xib; name = en; path = en.lproj/MainWindow.xib; sourceTree = "<group>"; };
		7FBDF56B13D361C4008627AF /* HomeViewController.h */ = {isa = PBXFileReference; lastKnownFileType = sourcecode.c.h; path = HomeViewController.h; sourceTree = "<group>"; };
		7FBDF56C13D361C4008627AF /* HomeViewController.m */ = {isa = PBXFileReference; lastKnownFileType = sourcecode.c.objc; path = HomeViewController.m; sourceTree = "<group>"; };
		7FBDF56E13D361C4008627AF /* SearchViewController.h */ = {isa = PBXFileReference; lastKnownFileType = sourcecode.c.h; path = SearchViewController.h; sourceTree = "<group>"; };
		7FBDF56F13D361C4008627AF /* SearchViewController.m */ = {isa = PBXFileReference; lastKnownFileType = sourcecode.c.objc; path = SearchViewController.m; sourceTree = "<group>"; };
		7FBDF57213D361C4008627AF /* en */ = {isa = PBXFileReference; lastKnownFileType = file.xib; name = en; path = en.lproj/HomeView.xib; sourceTree = "<group>"; };
		7FBDF57513D361C4008627AF /* en */ = {isa = PBXFileReference; lastKnownFileType = file.xib; name = en; path = en.lproj/SearchView.xib; sourceTree = "<group>"; };
		7FBDF57C13D3699E008627AF /* ChatsView.xib */ = {isa = PBXFileReference; fileEncoding = 4; lastKnownFileType = file.xib; path = ChatsView.xib; sourceTree = "<group>"; };
		7FBDF57E13D369AB008627AF /* SettingsView.xib */ = {isa = PBXFileReference; fileEncoding = 4; lastKnownFileType = file.xib; name = SettingsView.xib; path = Mobx.xcodeproj/SettingsView.xib; sourceTree = SOURCE_ROOT; };
		7FBDF58C13D36AB0008627AF /* SettingsViewController.h */ = {isa = PBXFileReference; fileEncoding = 4; lastKnownFileType = sourcecode.c.h; name = SettingsViewController.h; path = Mobx.xcodeproj/SettingsViewController.h; sourceTree = SOURCE_ROOT; };
		7FBDF58D13D36AB0008627AF /* SettingsViewController.m */ = {isa = PBXFileReference; fileEncoding = 4; lastKnownFileType = sourcecode.c.objc; name = SettingsViewController.m; path = Mobx.xcodeproj/SettingsViewController.m; sourceTree = SOURCE_ROOT; };
		7FBDF59213D37EAF008627AF /* ChatsViewController.h */ = {isa = PBXFileReference; fileEncoding = 4; lastKnownFileType = sourcecode.c.h; path = ChatsViewController.h; sourceTree = "<group>"; };
		7FBDF59313D37EAF008627AF /* ChatsViewController.m */ = {isa = PBXFileReference; fileEncoding = 4; lastKnownFileType = sourcecode.c.objc; path = ChatsViewController.m; sourceTree = "<group>"; };
		7FBDF59513D38102008627AF /* weicheng.jpg */ = {isa = PBXFileReference; lastKnownFileType = image.jpeg; name = weicheng.jpg; path = Resources/weicheng.jpg; sourceTree = "<group>"; };
/* End PBXFileReference section */

/* Begin PBXFrameworksBuildPhase section */
		7FBDF54F13D361C4008627AF /* Frameworks */ = {
			isa = PBXFrameworksBuildPhase;
			buildActionMask = 2147483647;
			files = (
				7FB231A413DBFF7300CFDB91 /* MessageUI.framework in Frameworks */,
				7FBDF55713D361C4008627AF /* UIKit.framework in Frameworks */,
				7FBDF55913D361C4008627AF /* Foundation.framework in Frameworks */,
				7FBDF55B13D361C4008627AF /* CoreGraphics.framework in Frameworks */,
			);
			runOnlyForDeploymentPostprocessing = 0;
		};
/* End PBXFrameworksBuildPhase section */

/* Begin PBXGroup section */
		7F09090013D5324700AEB66A /* Search View */ = {
			isa = PBXGroup;
			children = (
				7F2C6BB513D6B070009A77EE /* SearchTableViewController.h */,
				7F2C6BB613D6B070009A77EE /* SearchTableViewController.m */,
			);
			name = "Search View";
			sourceTree = "<group>";
		};
		7F09092513D5591D00AEB66A /* Common */ = {
			isa = PBXGroup;
			children = (
				7F23394713DC96630092F4AA /* MobxUIConstants.h */,
				7F09092213D5586100AEB66A /* MobxRecord.h */,
				7F09092313D5586100AEB66A /* MobxRecord.m */,
				7FA567A513D939D100C75C31 /* MobxCell.h */,
				7FA567A613D939D100C75C31 /* MobxCell.m */,
				7FA5680313D94B6E00C75C31 /* IndividualSubViewBasedMobxCell.h */,
				7FA567DB13D9475100C75C31 /* IndividualSubViewBasedMobxCell.m */,
				7F23393E13DC87760092F4AA /* CompositeSubviewBasedMobxCell.h */,
				7F23393F13DC87770092F4AA /* CompositeSubviewBasedMobxCell.m */,
			);
			name = Common;
			sourceTree = "<group>";
		};
		7F52ACAE13D3B8A700686761 /* Home View */ = {
			isa = PBXGroup;
			children = (
				7F52ACBC13D3BE5E00686761 /* CategoryListViewHandler.h */,
				7F52ACBD13D3BE5E00686761 /* CategoryListViewHandler.m */,
			);
			name = "Home View";
			sourceTree = "<group>";
		};
		7F8C41E113DA91EA007297E4 /* Settings View */ = {
			isa = PBXGroup;
			children = (
				7F8C41E613DA967F007297E4 /* AllConfigsViewController.h */,
				7F8C41E713DA967F007297E4 /* AllConfigsViewController.m */,
			);
			name = "Settings View";
			sourceTree = "<group>";
		};
		7FA5679B13D9396100C75C31 /* Chats View */ = {
			isa = PBXGroup;
			children = (
				7FA567D713D9415200C75C31 /* ChatsTableViewController.h */,
				7FA567D813D9415200C75C31 /* ChatsTableViewController.m */,
			);
			name = "Chats View";
			sourceTree = "<group>";
		};
		7FA567DD13D947B600C75C31 /* Images */ = {
			isa = PBXGroup;
			children = (
				7FB231A513DC028000CFDB91 /* 20-gear2.png */,
				7FB231A613DC028000CFDB91 /* Icon_gear.png */,
				7FA567DE13D9481300C75C31 /* Baseball.png */,
				7FA567DF13D9481300C75C31 /* Blocks.png */,
				7FA567E013D9481300C75C31 /* Checkers.png */,
				7FA567E113D9481300C75C31 /* DarkBackground.png */,
				7FA567E213D9481300C75C31 /* Dinner.png */,
				7FA567E313D9481300C75C31 /* Football.png */,
				7FA567E413D9481300C75C31 /* Icon-72.png */,
				7FA567E513D9481300C75C31 /* Icon-Small-50.png */,
				7FA567E613D9481300C75C31 /* Icon-Small.png */,
				7FA567E713D9481300C75C31 /* Icon-Small@2x.png */,
				7FA567E813D9481300C75C31 /* Icon.png */,
				7FA567E913D9481300C75C31 /* Icon@2x.png */,
				7FA567EA13D9481300C75C31 /* iTunesArtwork */,
				7FA567EB13D9481300C75C31 /* LightBackground.png */,
				7FA567EC13D9481300C75C31 /* MathGraph.png */,
				7FA567ED13D9481300C75C31 /* StarsBackground.png */,
				7FA567EE13D9481300C75C31 /* StarsForeground.png */,
			);
			name = Images;
			sourceTree = "<group>";
		};
		7FA5680213D948EB00C75C31 /* Xib View files */ = {
			isa = PBXGroup;
			children = (
				7FBDF56813D361C4008627AF /* MainWindow.xib */,
				7FBDF57113D361C4008627AF /* HomeView.xib */,
				7FBDF57413D361C4008627AF /* SearchView.xib */,
				7FBDF57C13D3699E008627AF /* ChatsView.xib */,
				7FBDF57E13D369AB008627AF /* SettingsView.xib */,
				7FA5680013D9484100C75C31 /* ChatsTableViewCell.xib */,
			);
			name = "Xib View files";
			sourceTree = "<group>";
		};
		7FB2316513DBFE5000CFDB91 /* InAppSettingsKit */ = {
			isa = PBXGroup;
			children = (
				7FB2316613DBFE5000CFDB91 /* Controllers */,
				7FB2316D13DBFE5000CFDB91 /* Models */,
				7FB2317813DBFE5000CFDB91 /* Views */,
				7FB2318713DBFE5000CFDB91 /* Xibs */,
			);
			path = InAppSettingsKit;
			sourceTree = "<group>";
		};
		7FB2316613DBFE5000CFDB91 /* Controllers */ = {
			isa = PBXGroup;
			children = (
				7FB231AE13DC06DD00CFDB91 /* IASKAppSettingsViewController.h */,
				7FB231AF13DC06DD00CFDB91 /* IASKAppSettingsViewController.m */,
				7FB231B013DC06DD00CFDB91 /* IASKAppSettingsWebViewController.h */,
				7FB231B113DC06DD00CFDB91 /* IASKAppSettingsWebViewController.m */,
				7FB231B213DC06DD00CFDB91 /* IASKSpecifierValuesViewController.h */,
				7FB231B313DC06DD00CFDB91 /* IASKSpecifierValuesViewController.m */,
			);
			path = Controllers;
			sourceTree = "<group>";
		};
		7FB2316D13DBFE5000CFDB91 /* Models */ = {
			isa = PBXGroup;
			children = (
				7FB231B713DC070F00CFDB91 /* IASKSettingsReader.h */,
				7FB231B813DC070F00CFDB91 /* IASKSettingsReader.m */,
				7FB231B913DC070F00CFDB91 /* IASKSettingsStore.h */,
				7FB231BA13DC070F00CFDB91 /* IASKSettingsStore.m */,
				7FB231BB13DC070F00CFDB91 /* IASKSettingsStoreFile.h */,
				7FB231BC13DC070F00CFDB91 /* IASKSettingsStoreFile.m */,
				7FB231BD13DC070F00CFDB91 /* IASKSettingsStoreUserDefaults.h */,
				7FB231BE13DC070F00CFDB91 /* IASKSettingsStoreUserDefaults.m */,
				7FB231BF13DC070F00CFDB91 /* IASKSpecifier.h */,
				7FB231C013DC070F00CFDB91 /* IASKSpecifier.m */,
			);
			path = Models;
			sourceTree = "<group>";
		};
		7FB2317813DBFE5000CFDB91 /* Views */ = {
			isa = PBXGroup;
			children = (
				7FB231C613DC072400CFDB91 /* IASKPSSliderSpecifierViewCell.h */,
				7FB231C713DC072400CFDB91 /* IASKPSSliderSpecifierViewCell.m */,
				7FB231C813DC072400CFDB91 /* IASKPSTextFieldSpecifierViewCell.h */,
				7FB231C913DC072400CFDB91 /* IASKPSTextFieldSpecifierViewCell.m */,
				7FB231CA13DC072400CFDB91 /* IASKPSTitleValueSpecifierViewCell.h */,
				7FB231CB13DC072400CFDB91 /* IASKPSTitleValueSpecifierViewCell.m */,
				7FB231CC13DC072400CFDB91 /* IASKPSToggleSwitchSpecifierViewCell.h */,
				7FB231CD13DC072400CFDB91 /* IASKPSToggleSwitchSpecifierViewCell.m */,
				7FB231CE13DC072400CFDB91 /* IASKSlider.h */,
				7FB231CF13DC072400CFDB91 /* IASKSlider.m */,
				7FB231D013DC072400CFDB91 /* IASKSwitch.h */,
				7FB231D113DC072400CFDB91 /* IASKSwitch.m */,
				7FB231D213DC072400CFDB91 /* IASKTextField.h */,
				7FB231D313DC072400CFDB91 /* IASKTextField.m */,
			);
			path = Views;
			sourceTree = "<group>";
		};
		7FB2318713DBFE5000CFDB91 /* Xibs */ = {
			isa = PBXGroup;
			children = (
				7FB231DB13DC073600CFDB91 /* IASKAppSettingsView.xib */,
				7FB231DC13DC073600CFDB91 /* IASKAppSettingsWebView.xib */,
				7FB231DD13DC073600CFDB91 /* IASKPSSliderSpecifierViewCell.xib */,
				7FB231DE13DC073600CFDB91 /* IASKPSTextFieldSpecifierViewCell.xib */,
				7FB231DF13DC073600CFDB91 /* IASKPSToggleSwitchSpecifierViewCell.xib */,
				7FB231E013DC073600CFDB91 /* IASKSpecifierValuesView.xib */,
			);
			path = Xibs;
			sourceTree = "<group>";
		};
		7FBDF54713D361C4008627AF = {
			isa = PBXGroup;
			children = (
				7FBDF55C13D361C4008627AF /* Mobx */,
				7FBDF55513D361C4008627AF /* Frameworks */,
				7FBDF55313D361C4008627AF /* Products */,
			);
			sourceTree = "<group>";
		};
		7FBDF55313D361C4008627AF /* Products */ = {
			isa = PBXGroup;
			children = (
				7FBDF55213D361C4008627AF /* Mobx.app */,
			);
			name = Products;
			sourceTree = "<group>";
		};
		7FBDF55513D361C4008627AF /* Frameworks */ = {
			isa = PBXGroup;
			children = (
				7FB231A313DBFF7300CFDB91 /* MessageUI.framework */,
				7FBDF55613D361C4008627AF /* UIKit.framework */,
				7FBDF55813D361C4008627AF /* Foundation.framework */,
				7FBDF55A13D361C4008627AF /* CoreGraphics.framework */,
			);
			name = Frameworks;
			sourceTree = "<group>";
		};
		7FBDF55C13D361C4008627AF /* Mobx */ = {
			isa = PBXGroup;
			children = (
				7FB2316513DBFE5000CFDB91 /* InAppSettingsKit */,
				7F09092513D5591D00AEB66A /* Common */,
				7F52ACAE13D3B8A700686761 /* Home View */,
				7F09090013D5324700AEB66A /* Search View */,
				7FA5679B13D9396100C75C31 /* Chats View */,
				7F8C41E113DA91EA007297E4 /* Settings View */,
				7FBDF58813D36A35008627AF /* Resources */,
				7FBDF56513D361C4008627AF /* MobxAppDelegate.h */,
				7FBDF56613D361C4008627AF /* MobxAppDelegate.m */,
				7FBDF56B13D361C4008627AF /* HomeViewController.h */,
				7FBDF56C13D361C4008627AF /* HomeViewController.m */,
				7FBDF56E13D361C4008627AF /* SearchViewController.h */,
				7FBDF56F13D361C4008627AF /* SearchViewController.m */,
				7FBDF59213D37EAF008627AF /* ChatsViewController.h */,
				7FBDF59313D37EAF008627AF /* ChatsViewController.m */,
				7FBDF58C13D36AB0008627AF /* SettingsViewController.h */,
				7FBDF58D13D36AB0008627AF /* SettingsViewController.m */,
				7FBDF55D13D361C4008627AF /* Supporting Files */,
			);
			path = Mobx;
			sourceTree = "<group>";
		};
		7FBDF55D13D361C4008627AF /* Supporting Files */ = {
			isa = PBXGroup;
			children = (
				7FBDF55E13D361C4008627AF /* Mobx-Info.plist */,
				7FBDF55F13D361C4008627AF /* InfoPlist.strings */,
				7FBDF56213D361C4008627AF /* Mobx-Prefix.pch */,
				7FBDF56313D361C4008627AF /* main.m */,
			);
			name = "Supporting Files";
			sourceTree = "<group>";
		};
		7FBDF58813D36A35008627AF /* Resources */ = {
			isa = PBXGroup;
			children = (
				7FA5680F13D956C800C75C31 /* ChatsViewTableData.plist */,
				7FA5680213D948EB00C75C31 /* Xib View files */,
				7FA567DD13D947B600C75C31 /* Images */,
				7FBDF59513D38102008627AF /* weicheng.jpg */,
				7F64B0CA13DA8FD5009F6B18 /* Settings.bundle */,
				7F23394213DC91990092F4AA /* CategoryList.plist */,
			);
			name = Resources;
			sourceTree = "<group>";
		};
/* End PBXGroup section */

/* Begin PBXNativeTarget section */
		7FBDF55113D361C4008627AF /* Mobx */ = {
			isa = PBXNativeTarget;
			buildConfigurationList = 7FBDF57913D361C5008627AF /* Build configuration list for PBXNativeTarget "Mobx" */;
			buildPhases = (
				7FBDF54E13D361C4008627AF /* Sources */,
				7FBDF54F13D361C4008627AF /* Frameworks */,
				7FBDF55013D361C4008627AF /* Resources */,
			);
			buildRules = (
			);
			dependencies = (
			);
			name = Mobx;
			productName = Mobx;
			productReference = 7FBDF55213D361C4008627AF /* Mobx.app */;
			productType = "com.apple.product-type.application";
		};
/* End PBXNativeTarget section */

/* Begin PBXProject section */
		7FBDF54913D361C4008627AF /* Project object */ = {
			isa = PBXProject;
			attributes = {
				ORGANIZATIONNAME = Mobx;
			};
			buildConfigurationList = 7FBDF54C13D361C4008627AF /* Build configuration list for PBXProject "Mobx" */;
			compatibilityVersion = "Xcode 3.2";
			developmentRegion = English;
			hasScannedForEncodings = 0;
			knownRegions = (
				en,
			);
			mainGroup = 7FBDF54713D361C4008627AF;
			productRefGroup = 7FBDF55313D361C4008627AF /* Products */;
			projectDirPath = "";
			projectRoot = "";
			targets = (
				7FBDF55113D361C4008627AF /* Mobx */,
			);
		};
/* End PBXProject section */

/* Begin PBXResourcesBuildPhase section */
		7FBDF55013D361C4008627AF /* Resources */ = {
			isa = PBXResourcesBuildPhase;
			buildActionMask = 2147483647;
			files = (
				7FBDF56113D361C4008627AF /* InfoPlist.strings in Resources */,
				7FBDF56A13D361C4008627AF /* MainWindow.xib in Resources */,
				7FBDF57313D361C4008627AF /* HomeView.xib in Resources */,
				7FBDF57613D361C4008627AF /* SearchView.xib in Resources */,
				7FBDF57D13D3699E008627AF /* ChatsView.xib in Resources */,
				7FBDF57F13D369AB008627AF /* SettingsView.xib in Resources */,
				7FBDF59613D38102008627AF /* weicheng.jpg in Resources */,
				7FA567EF13D9481300C75C31 /* Baseball.png in Resources */,
				7FA567F013D9481300C75C31 /* Blocks.png in Resources */,
				7FA567F113D9481300C75C31 /* Checkers.png in Resources */,
				7FA567F213D9481300C75C31 /* DarkBackground.png in Resources */,
				7FA567F313D9481300C75C31 /* Dinner.png in Resources */,
				7FA567F413D9481300C75C31 /* Football.png in Resources */,
				7FA567F513D9481300C75C31 /* Icon-72.png in Resources */,
				7FA567F613D9481300C75C31 /* Icon-Small-50.png in Resources */,
				7FA567F713D9481300C75C31 /* Icon-Small.png in Resources */,
				7FA567F813D9481300C75C31 /* Icon-Small@2x.png in Resources */,
				7FA567F913D9481300C75C31 /* Icon.png in Resources */,
				7FA567FA13D9481300C75C31 /* Icon@2x.png in Resources */,
				7FA567FB13D9481300C75C31 /* iTunesArtwork in Resources */,
				7FA567FC13D9481300C75C31 /* LightBackground.png in Resources */,
				7FA567FD13D9481300C75C31 /* MathGraph.png in Resources */,
				7FA567FE13D9481300C75C31 /* StarsBackground.png in Resources */,
				7FA567FF13D9481300C75C31 /* StarsForeground.png in Resources */,
				7FA5680113D9484100C75C31 /* ChatsTableViewCell.xib in Resources */,
				7FA5681013D956C800C75C31 /* ChatsViewTableData.plist in Resources */,
				7F64B0CB13DA8FD5009F6B18 /* Settings.bundle in Resources */,
				7FB231A713DC028000CFDB91 /* 20-gear2.png in Resources */,
				7FB231A813DC028000CFDB91 /* Icon_gear.png in Resources */,
				7FB231E113DC073600CFDB91 /* IASKAppSettingsView.xib in Resources */,
				7FB231E213DC073600CFDB91 /* IASKAppSettingsWebView.xib in Resources */,
				7FB231E313DC073600CFDB91 /* IASKPSSliderSpecifierViewCell.xib in Resources */,
				7FB231E413DC073600CFDB91 /* IASKPSTextFieldSpecifierViewCell.xib in Resources */,
				7FB231E513DC073600CFDB91 /* IASKPSToggleSwitchSpecifierViewCell.xib in Resources */,
				7FB231E613DC073600CFDB91 /* IASKSpecifierValuesView.xib in Resources */,
				7F23394313DC91990092F4AA /* CategoryList.plist in Resources */,
			);
			runOnlyForDeploymentPostprocessing = 0;
		};
/* End PBXResourcesBuildPhase section */

/* Begin PBXSourcesBuildPhase section */
		7FBDF54E13D361C4008627AF /* Sources */ = {
			isa = PBXSourcesBuildPhase;
			buildActionMask = 2147483647;
			files = (
				7FBDF56413D361C4008627AF /* main.m in Sources */,
				7FBDF56713D361C4008627AF /* MobxAppDelegate.m in Sources */,
				7FBDF56D13D361C4008627AF /* HomeViewController.m in Sources */,
				7FBDF57013D361C4008627AF /* SearchViewController.m in Sources */,
				7FBDF58E13D36AB0008627AF /* SettingsViewController.m in Sources */,
				7FBDF59413D37EB0008627AF /* ChatsViewController.m in Sources */,
				7F52ACBE13D3BE5E00686761 /* CategoryListViewHandler.m in Sources */,
				7F09092413D5586100AEB66A /* MobxRecord.m in Sources */,
				7F2C6BB713D6B070009A77EE /* SearchTableViewController.m in Sources */,
				7FA567A713D939D100C75C31 /* MobxCell.m in Sources */,
				7FA567D913D9415200C75C31 /* ChatsTableViewController.m in Sources */,
				7FA567DC13D9475100C75C31 /* IndividualSubViewBasedMobxCell.m in Sources */,
				7F8C41E813DA967F007297E4 /* AllConfigsViewController.m in Sources */,
				7FB231B413DC06DD00CFDB91 /* IASKAppSettingsViewController.m in Sources */,
				7FB231B513DC06DD00CFDB91 /* IASKAppSettingsWebViewController.m in Sources */,
				7FB231B613DC06DD00CFDB91 /* IASKSpecifierValuesViewController.m in Sources */,
				7FB231C113DC070F00CFDB91 /* IASKSettingsReader.m in Sources */,
				7FB231C213DC070F00CFDB91 /* IASKSettingsStore.m in Sources */,
				7FB231C313DC070F00CFDB91 /* IASKSettingsStoreFile.m in Sources */,
				7FB231C413DC070F00CFDB91 /* IASKSettingsStoreUserDefaults.m in Sources */,
				7FB231C513DC070F00CFDB91 /* IASKSpecifier.m in Sources */,
				7FB231D413DC072400CFDB91 /* IASKPSSliderSpecifierViewCell.m in Sources */,
				7FB231D513DC072400CFDB91 /* IASKPSTextFieldSpecifierViewCell.m in Sources */,
				7FB231D613DC072400CFDB91 /* IASKPSTitleValueSpecifierViewCell.m in Sources */,
				7FB231D713DC072400CFDB91 /* IASKPSToggleSwitchSpecifierViewCell.m in Sources */,
				7FB231D813DC072400CFDB91 /* IASKSlider.m in Sources */,
				7FB231D913DC072400CFDB91 /* IASKSwitch.m in Sources */,
				7FB231DA13DC072400CFDB91 /* IASKTextField.m in Sources */,
				7F23394013DC87770092F4AA /* CompositeSubviewBasedMobxCell.m in Sources */,
			);
			runOnlyForDeploymentPostprocessing = 0;
		};
/* End PBXSourcesBuildPhase section */

/* Begin PBXVariantGroup section */
		7FBDF55F13D361C4008627AF /* InfoPlist.strings */ = {
			isa = PBXVariantGroup;
			children = (
				7FBDF56013D361C4008627AF /* en */,
			);
			name = InfoPlist.strings;
			sourceTree = "<group>";
		};
		7FBDF56813D361C4008627AF /* MainWindow.xib */ = {
			isa = PBXVariantGroup;
			children = (
				7FBDF56913D361C4008627AF /* en */,
			);
			name = MainWindow.xib;
			sourceTree = "<group>";
		};
		7FBDF57113D361C4008627AF /* HomeView.xib */ = {
			isa = PBXVariantGroup;
			children = (
				7FBDF57213D361C4008627AF /* en */,
			);
			name = HomeView.xib;
			sourceTree = "<group>";
		};
		7FBDF57413D361C4008627AF /* SearchView.xib */ = {
			isa = PBXVariantGroup;
			children = (
				7FBDF57513D361C4008627AF /* en */,
			);
			name = SearchView.xib;
			sourceTree = "<group>";
		};
/* End PBXVariantGroup section */

/* Begin XCBuildConfiguration section */
		7FBDF57713D361C4008627AF /* Debug */ = {
			isa = XCBuildConfiguration;
			buildSettings = {
				ARCHS = "$(ARCHS_STANDARD_32_BIT)";
				"CODE_SIGN_IDENTITY[sdk=iphoneos*]" = "iPhone Developer";
				GCC_C_LANGUAGE_STANDARD = gnu99;
				GCC_OPTIMIZATION_LEVEL = 0;
				GCC_PREPROCESSOR_DEFINITIONS = DEBUG;
				GCC_SYMBOLS_PRIVATE_EXTERN = NO;
				GCC_VERSION = com.apple.compilers.llvmgcc42;
				GCC_WARN_ABOUT_RETURN_TYPE = YES;
				GCC_WARN_UNUSED_VARIABLE = YES;
				"HEADER_SEARCH_PATHS[arch=*]" = "";
				IPHONEOS_DEPLOYMENT_TARGET = 4.3;
				SDKROOT = iphoneos;
				"USER_HEADER_SEARCH_PATHS[arch=*]" = $SRCROOT;
			};
			name = Debug;
		};
		7FBDF57813D361C4008627AF /* Release */ = {
			isa = XCBuildConfiguration;
			buildSettings = {
				ARCHS = "$(ARCHS_STANDARD_32_BIT)";
				"CODE_SIGN_IDENTITY[sdk=iphoneos*]" = "iPhone Developer";
				GCC_C_LANGUAGE_STANDARD = gnu99;
				GCC_VERSION = com.apple.compilers.llvmgcc42;
				GCC_WARN_ABOUT_RETURN_TYPE = YES;
				GCC_WARN_UNUSED_VARIABLE = YES;
				IPHONEOS_DEPLOYMENT_TARGET = 4.3;
				OTHER_CFLAGS = "-DNS_BLOCK_ASSERTIONS=1";
				SDKROOT = iphoneos;
			};
			name = Release;
		};
		7FBDF57A13D361C5008627AF /* Debug */ = {
			isa = XCBuildConfiguration;
			buildSettings = {
				ALWAYS_SEARCH_USER_PATHS = NO;
				COPY_PHASE_STRIP = NO;
				GCC_DYNAMIC_NO_PIC = NO;
				GCC_PRECOMPILE_PREFIX_HEADER = YES;
				GCC_PREFIX_HEADER = "Mobx/Mobx-Prefix.pch";
				INFOPLIST_FILE = "Mobx/Mobx-Info.plist";
				IPHONEOS_DEPLOYMENT_TARGET = 4.3;
				PRODUCT_NAME = "$(TARGET_NAME)";
				WRAPPER_EXTENSION = app;
			};
			name = Debug;
		};
		7FBDF57B13D361C5008627AF /* Release */ = {
			isa = XCBuildConfiguration;
			buildSettings = {
				ALWAYS_SEARCH_USER_PATHS = NO;
				COPY_PHASE_STRIP = YES;
				GCC_PRECOMPILE_PREFIX_HEADER = YES;
				GCC_PREFIX_HEADER = "Mobx/Mobx-Prefix.pch";
				INFOPLIST_FILE = "Mobx/Mobx-Info.plist";
				IPHONEOS_DEPLOYMENT_TARGET = 4.3;
				PRODUCT_NAME = "$(TARGET_NAME)";
				VALIDATE_PRODUCT = YES;
				WRAPPER_EXTENSION = app;
			};
			name = Release;
		};
/* End XCBuildConfiguration section */

/* Begin XCConfigurationList section */
		7FBDF54C13D361C4008627AF /* Build configuration list for PBXProject "Mobx" */ = {
			isa = XCConfigurationList;
			buildConfigurations = (
				7FBDF57713D361C4008627AF /* Debug */,
				7FBDF57813D361C4008627AF /* Release */,
			);
			defaultConfigurationIsVisible = 0;
			defaultConfigurationName = Release;
		};
		7FBDF57913D361C5008627AF /* Build configuration list for PBXNativeTarget "Mobx" */ = {
			isa = XCConfigurationList;
			buildConfigurations = (
				7FBDF57A13D361C5008627AF /* Debug */,
				7FBDF57B13D361C5008627AF /* Release */,
			);
			defaultConfigurationIsVisible = 0;
			defaultConfigurationName = Release;
		};
/* End XCConfigurationList section */
	};
	rootObject = 7FBDF54913D361C4008627AF /* Project object */;
}
